
Microsoft Visual Studio Solution File, Format Version 12.00
# Visual Studio Version 17
VisualStudioVersion = 17.5.33502.453
MinimumVisualStudioVersion = 10.0.40219.1
Project("{FAE04EC0-301F-11D3-BF4B-00C04F79EFBC}") = "NameUserInput", "NameUserInput\NameUserInput.csproj", "{885420CA-F0D3-46C7-8362-C75D5B26A5B5}"
EndProject
Global
	GlobalSection(SolutionConfigurationPlatforms) = preSolution
		Debug|Any CPU = Debug|Any CPU
		Release|Any CPU = Release|Any CPU
	EndGlobalSection
	GlobalSection(ProjectConfigurationPlatforms) = postSolution
		{885420CA-F0D3-46C7-8362-C75D5B26A5B5}.Debug|Any CPU.ActiveCfg = Debug|Any CPU
		{885420CA-F0D3-46C7-8362-C75D5B26A5B5}.Debug|Any CPU.Build.0 = Debug|Any CPU
		{885420CA-F0D3-46C7-8362-C75D5B26A5B5}.Release|Any CPU.ActiveCfg = Release|Any CPU
		{885420CA-F0D3-46C7-8362-C75D5B26A5B5}.Release|Any CPU.Build.0 = Release|Any CPU
	EndGlobalSection
	GlobalSection(SolutionProperties) = preSolution
		HideSolutionNode = FALSE
	EndGlobalSection
	GlobalSection(ExtensibilityGlobals) = postSolution
		SolutionGuid = {1F809970-2CAE-40E9-9F1B-7FE728D39104}
	EndGlobalSection
EndGlobal
