
Microsoft Visual Studio Solution File, Format Version 12.00
# Visual Studio Version 17
VisualStudioVersion = 17.5.33502.453
MinimumVisualStudioVersion = 10.0.40219.1
Project("{FAE04EC0-301F-11D3-BF4B-00C04F79EFBC}") = "AccessModifiers", "AccessModifiers\AccessModifiers.csproj", "{1263BBFA-6461-4CC8-BDC1-7D848D44B025}"
EndProject
Global
	GlobalSection(SolutionConfigurationPlatforms) = preSolution
		Debug|Any CPU = Debug|Any CPU
		Release|Any CPU = Release|Any CPU
	EndGlobalSection
	GlobalSection(ProjectConfigurationPlatforms) = postSolution
		{1263BBFA-6461-4CC8-BDC1-7D848D44B025}.Debug|Any CPU.ActiveCfg = Debug|Any CPU
		{1263BBFA-6461-4CC8-BDC1-7D848D44B025}.Debug|Any CPU.Build.0 = Debug|Any CPU
		{1263BBFA-6461-4CC8-BDC1-7D848D44B025}.Release|Any CPU.ActiveCfg = Release|Any CPU
		{1263BBFA-6461-4CC8-BDC1-7D848D44B025}.Release|Any CPU.Build.0 = Release|Any CPU
	EndGlobalSection
	GlobalSection(SolutionProperties) = preSolution
		HideSolutionNode = FALSE
	EndGlobalSection
	GlobalSection(ExtensibilityGlobals) = postSolution
		SolutionGuid = {0F16D8DA-7E55-475D-B5CD-FA7FDA27694D}
	EndGlobalSection
EndGlobal
