
Microsoft Visual Studio Solution File, Format Version 12.00
# Visual Studio Version 17
VisualStudioVersion = 17.5.33502.453
MinimumVisualStudioVersion = 10.0.40219.1
Project("{FAE04EC0-301F-11D3-BF4B-00C04F79EFBC}") = "SubjectMarks", "SubjectMarks\SubjectMarks.csproj", "{021A4636-812B-48AF-8BF5-BA6D26E710E6}"
EndProject
Global
	GlobalSection(SolutionConfigurationPlatforms) = preSolution
		Debug|Any CPU = Debug|Any CPU
		Release|Any CPU = Release|Any CPU
	EndGlobalSection
	GlobalSection(ProjectConfigurationPlatforms) = postSolution
		{021A4636-812B-48AF-8BF5-BA6D26E710E6}.Debug|Any CPU.ActiveCfg = Debug|Any CPU
		{021A4636-812B-48AF-8BF5-BA6D26E710E6}.Debug|Any CPU.Build.0 = Debug|Any CPU
		{021A4636-812B-48AF-8BF5-BA6D26E710E6}.Release|Any CPU.ActiveCfg = Release|Any CPU
		{021A4636-812B-48AF-8BF5-BA6D26E710E6}.Release|Any CPU.Build.0 = Release|Any CPU
	EndGlobalSection
	GlobalSection(SolutionProperties) = preSolution
		HideSolutionNode = FALSE
	EndGlobalSection
	GlobalSection(ExtensibilityGlobals) = postSolution
		SolutionGuid = {48EF6905-32C6-4E59-ABA7-5E84064A2682}
	EndGlobalSection
EndGlobal
