
Microsoft Visual Studio Solution File, Format Version 12.00
# Visual Studio Version 17
VisualStudioVersion = 17.5.33502.453
MinimumVisualStudioVersion = 10.0.40219.1
Project("{FAE04EC0-301F-11D3-BF4B-00C04F79EFBC}") = "ArrayDisplayNextForm", "ArrayDisplayNextForm\ArrayDisplayNextForm.csproj", "{FEA7E891-3D92-48C9-8EC1-85D7E6A7DA20}"
EndProject
Global
	GlobalSection(SolutionConfigurationPlatforms) = preSolution
		Debug|Any CPU = Debug|Any CPU
		Release|Any CPU = Release|Any CPU
	EndGlobalSection
	GlobalSection(ProjectConfigurationPlatforms) = postSolution
		{FEA7E891-3D92-48C9-8EC1-85D7E6A7DA20}.Debug|Any CPU.ActiveCfg = Debug|Any CPU
		{FEA7E891-3D92-48C9-8EC1-85D7E6A7DA20}.Debug|Any CPU.Build.0 = Debug|Any CPU
		{FEA7E891-3D92-48C9-8EC1-85D7E6A7DA20}.Release|Any CPU.ActiveCfg = Release|Any CPU
		{FEA7E891-3D92-48C9-8EC1-85D7E6A7DA20}.Release|Any CPU.Build.0 = Release|Any CPU
	EndGlobalSection
	GlobalSection(SolutionProperties) = preSolution
		HideSolutionNode = FALSE
	EndGlobalSection
	GlobalSection(ExtensibilityGlobals) = postSolution
		SolutionGuid = {DD17C643-DF72-44BB-8D43-844A07F09038}
	EndGlobalSection
EndGlobal
