
Microsoft Visual Studio Solution File, Format Version 12.00
# Visual Studio Version 17
VisualStudioVersion = 17.6.33723.286
MinimumVisualStudioVersion = 10.0.40219.1
Project("{FAE04EC0-301F-11D3-BF4B-00C04F79EFBC}") = "primelibrary", "primelibrary\primelibrary.csproj", "{6CEBD132-5EA3-4C38-AA4B-48F4AF28682F}"
EndProject
Global
	GlobalSection(SolutionConfigurationPlatforms) = preSolution
		Debug|Any CPU = Debug|Any CPU
		Release|Any CPU = Release|Any CPU
	EndGlobalSection
	GlobalSection(ProjectConfigurationPlatforms) = postSolution
		{6CEBD132-5EA3-4C38-AA4B-48F4AF28682F}.Debug|Any CPU.ActiveCfg = Debug|Any CPU
		{6CEBD132-5EA3-4C38-AA4B-48F4AF28682F}.Debug|Any CPU.Build.0 = Debug|Any CPU
		{6CEBD132-5EA3-4C38-AA4B-48F4AF28682F}.Release|Any CPU.ActiveCfg = Release|Any CPU
		{6CEBD132-5EA3-4C38-AA4B-48F4AF28682F}.Release|Any CPU.Build.0 = Release|Any CPU
	EndGlobalSection
	GlobalSection(SolutionProperties) = preSolution
		HideSolutionNode = FALSE
	EndGlobalSection
	GlobalSection(ExtensibilityGlobals) = postSolution
		SolutionGuid = {41F2DB14-7C64-4527-810F-C67B4865318E}
	EndGlobalSection
EndGlobal
