
Microsoft Visual Studio Solution File, Format Version 12.00
# Visual Studio Version 17
VisualStudioVersion = 17.5.33502.453
MinimumVisualStudioVersion = 10.0.40219.1
Project("{FAE04EC0-301F-11D3-BF4B-00C04F79EFBC}") = "productRateProgram", "productRateProgram\productRateProgram.csproj", "{B9EFE9C9-C436-488D-B2DC-C682B2D8EFB6}"
EndProject
Global
	GlobalSection(SolutionConfigurationPlatforms) = preSolution
		Debug|Any CPU = Debug|Any CPU
		Release|Any CPU = Release|Any CPU
	EndGlobalSection
	GlobalSection(ProjectConfigurationPlatforms) = postSolution
		{B9EFE9C9-C436-488D-B2DC-C682B2D8EFB6}.Debug|Any CPU.ActiveCfg = Debug|Any CPU
		{B9EFE9C9-C436-488D-B2DC-C682B2D8EFB6}.Debug|Any CPU.Build.0 = Debug|Any CPU
		{B9EFE9C9-C436-488D-B2DC-C682B2D8EFB6}.Release|Any CPU.ActiveCfg = Release|Any CPU
		{B9EFE9C9-C436-488D-B2DC-C682B2D8EFB6}.Release|Any CPU.Build.0 = Release|Any CPU
	EndGlobalSection
	GlobalSection(SolutionProperties) = preSolution
		HideSolutionNode = FALSE
	EndGlobalSection
	GlobalSection(ExtensibilityGlobals) = postSolution
		SolutionGuid = {BF6B0A07-5C03-4AF6-9F90-FAB5DBB5B8C4}
	EndGlobalSection
EndGlobal
