
Microsoft Visual Studio Solution File, Format Version 12.00
# Visual Studio Version 17
VisualStudioVersion = 17.5.33502.453
MinimumVisualStudioVersion = 10.0.40219.1
Project("{FAE04EC0-301F-11D3-BF4B-00C04F79EFBC}") = "sumOfIntArray", "sumOfIntArray\sumOfIntArray.csproj", "{559807C7-1E26-4957-8E35-7059F2A9076E}"
EndProject
Global
	GlobalSection(SolutionConfigurationPlatforms) = preSolution
		Debug|Any CPU = Debug|Any CPU
		Release|Any CPU = Release|Any CPU
	EndGlobalSection
	GlobalSection(ProjectConfigurationPlatforms) = postSolution
		{559807C7-1E26-4957-8E35-7059F2A9076E}.Debug|Any CPU.ActiveCfg = Debug|Any CPU
		{559807C7-1E26-4957-8E35-7059F2A9076E}.Debug|Any CPU.Build.0 = Debug|Any CPU
		{559807C7-1E26-4957-8E35-7059F2A9076E}.Release|Any CPU.ActiveCfg = Release|Any CPU
		{559807C7-1E26-4957-8E35-7059F2A9076E}.Release|Any CPU.Build.0 = Release|Any CPU
	EndGlobalSection
	GlobalSection(SolutionProperties) = preSolution
		HideSolutionNode = FALSE
	EndGlobalSection
	GlobalSection(ExtensibilityGlobals) = postSolution
		SolutionGuid = {72D5949F-D68A-498D-9D0A-96334C8BFB4C}
	EndGlobalSection
EndGlobal
