
Microsoft Visual Studio Solution File, Format Version 12.00
# Visual Studio Version 17
VisualStudioVersion = 17.6.33723.286
MinimumVisualStudioVersion = 10.0.40219.1
Project("{FAE04EC0-301F-11D3-BF4B-00C04F79EFBC}") = "Website", "Website\Website.csproj", "{C8DA8B11-B870-4432-A4D2-CFD86AF3C853}"
EndProject
Global
	GlobalSection(SolutionConfigurationPlatforms) = preSolution
		Debug|Any CPU = Debug|Any CPU
		Release|Any CPU = Release|Any CPU
	EndGlobalSection
	GlobalSection(ProjectConfigurationPlatforms) = postSolution
		{C8DA8B11-B870-4432-A4D2-CFD86AF3C853}.Debug|Any CPU.ActiveCfg = Debug|Any CPU
		{C8DA8B11-B870-4432-A4D2-CFD86AF3C853}.Debug|Any CPU.Build.0 = Debug|Any CPU
		{C8DA8B11-B870-4432-A4D2-CFD86AF3C853}.Release|Any CPU.ActiveCfg = Release|Any CPU
		{C8DA8B11-B870-4432-A4D2-CFD86AF3C853}.Release|Any CPU.Build.0 = Release|Any CPU
	EndGlobalSection
	GlobalSection(SolutionProperties) = preSolution
		HideSolutionNode = FALSE
	EndGlobalSection
	GlobalSection(ExtensibilityGlobals) = postSolution
		SolutionGuid = {CF1E4106-9D8F-4B67-ADDF-F0A847A08765}
	EndGlobalSection
EndGlobal
