
Microsoft Visual Studio Solution File, Format Version 12.00
# Visual Studio Version 17
VisualStudioVersion = 17.5.33502.453
MinimumVisualStudioVersion = 10.0.40219.1
Project("{FAE04EC0-301F-11D3-BF4B-00C04F79EFBC}") = "NumberFoundinArray", "NumberFoundinArray\NumberFoundinArray.csproj", "{B2EDA4ED-9491-420B-8B5D-9C7D40929461}"
EndProject
Global
	GlobalSection(SolutionConfigurationPlatforms) = preSolution
		Debug|Any CPU = Debug|Any CPU
		Release|Any CPU = Release|Any CPU
	EndGlobalSection
	GlobalSection(ProjectConfigurationPlatforms) = postSolution
		{B2EDA4ED-9491-420B-8B5D-9C7D40929461}.Debug|Any CPU.ActiveCfg = Debug|Any CPU
		{B2EDA4ED-9491-420B-8B5D-9C7D40929461}.Debug|Any CPU.Build.0 = Debug|Any CPU
		{B2EDA4ED-9491-420B-8B5D-9C7D40929461}.Release|Any CPU.ActiveCfg = Release|Any CPU
		{B2EDA4ED-9491-420B-8B5D-9C7D40929461}.Release|Any CPU.Build.0 = Release|Any CPU
	EndGlobalSection
	GlobalSection(SolutionProperties) = preSolution
		HideSolutionNode = FALSE
	EndGlobalSection
	GlobalSection(ExtensibilityGlobals) = postSolution
		SolutionGuid = {1424FC3B-986C-4CD0-BCFF-31AEAED87E15}
	EndGlobalSection
EndGlobal
