
Microsoft Visual Studio Solution File, Format Version 12.00
# Visual Studio Version 17
VisualStudioVersion = 17.5.33502.453
MinimumVisualStudioVersion = 10.0.40219.1
Project("{FAE04EC0-301F-11D3-BF4B-00C04F79EFBC}") = "WinFormsApp1Factorial", "WinFormsApp1Factorial\WinFormsApp1Factorial.csproj", "{8F5E07F5-8494-4440-9EE2-ACAB2DCD3D83}"
EndProject
Global
	GlobalSection(SolutionConfigurationPlatforms) = preSolution
		Debug|Any CPU = Debug|Any CPU
		Release|Any CPU = Release|Any CPU
	EndGlobalSection
	GlobalSection(ProjectConfigurationPlatforms) = postSolution
		{8F5E07F5-8494-4440-9EE2-ACAB2DCD3D83}.Debug|Any CPU.ActiveCfg = Debug|Any CPU
		{8F5E07F5-8494-4440-9EE2-ACAB2DCD3D83}.Debug|Any CPU.Build.0 = Debug|Any CPU
		{8F5E07F5-8494-4440-9EE2-ACAB2DCD3D83}.Release|Any CPU.ActiveCfg = Release|Any CPU
		{8F5E07F5-8494-4440-9EE2-ACAB2DCD3D83}.Release|Any CPU.Build.0 = Release|Any CPU
	EndGlobalSection
	GlobalSection(SolutionProperties) = preSolution
		HideSolutionNode = FALSE
	EndGlobalSection
	GlobalSection(ExtensibilityGlobals) = postSolution
		SolutionGuid = {FA31AE23-D2F5-4043-B226-22DBA4FECAD7}
	EndGlobalSection
EndGlobal
