
Microsoft Visual Studio Solution File, Format Version 12.00
# Visual Studio Version 17
VisualStudioVersion = 17.6.33723.286
MinimumVisualStudioVersion = 10.0.40219.1
Project("{FAE04EC0-301F-11D3-BF4B-00C04F79EFBC}") = "Template", "Template\Template.csproj", "{CB3D2415-6B42-4B35-8132-77AEFC62A2CF}"
EndProject
Global
	GlobalSection(SolutionConfigurationPlatforms) = preSolution
		Debug|Any CPU = Debug|Any CPU
		Release|Any CPU = Release|Any CPU
	EndGlobalSection
	GlobalSection(ProjectConfigurationPlatforms) = postSolution
		{CB3D2415-6B42-4B35-8132-77AEFC62A2CF}.Debug|Any CPU.ActiveCfg = Debug|Any CPU
		{CB3D2415-6B42-4B35-8132-77AEFC62A2CF}.Debug|Any CPU.Build.0 = Debug|Any CPU
		{CB3D2415-6B42-4B35-8132-77AEFC62A2CF}.Release|Any CPU.ActiveCfg = Release|Any CPU
		{CB3D2415-6B42-4B35-8132-77AEFC62A2CF}.Release|Any CPU.Build.0 = Release|Any CPU
	EndGlobalSection
	GlobalSection(SolutionProperties) = preSolution
		HideSolutionNode = FALSE
	EndGlobalSection
	GlobalSection(ExtensibilityGlobals) = postSolution
		SolutionGuid = {F13F3390-CF8B-4331-A863-6A0C1159E07B}
	EndGlobalSection
EndGlobal
