
Microsoft Visual Studio Solution File, Format Version 12.00
# Visual Studio Version 17
VisualStudioVersion = 17.5.33502.453
MinimumVisualStudioVersion = 10.0.40219.1
Project("{FAE04EC0-301F-11D3-BF4B-00C04F79EFBC}") = "EvenDiamond", "EvenDiamond\EvenDiamond.csproj", "{2E850F8F-09E4-44DD-8578-EB4F331271CC}"
EndProject
Global
	GlobalSection(SolutionConfigurationPlatforms) = preSolution
		Debug|Any CPU = Debug|Any CPU
		Release|Any CPU = Release|Any CPU
	EndGlobalSection
	GlobalSection(ProjectConfigurationPlatforms) = postSolution
		{2E850F8F-09E4-44DD-8578-EB4F331271CC}.Debug|Any CPU.ActiveCfg = Debug|Any CPU
		{2E850F8F-09E4-44DD-8578-EB4F331271CC}.Debug|Any CPU.Build.0 = Debug|Any CPU
		{2E850F8F-09E4-44DD-8578-EB4F331271CC}.Release|Any CPU.ActiveCfg = Release|Any CPU
		{2E850F8F-09E4-44DD-8578-EB4F331271CC}.Release|Any CPU.Build.0 = Release|Any CPU
	EndGlobalSection
	GlobalSection(SolutionProperties) = preSolution
		HideSolutionNode = FALSE
	EndGlobalSection
	GlobalSection(ExtensibilityGlobals) = postSolution
		SolutionGuid = {EC5E9BC1-420A-4EBC-807A-377A3F8ED9A7}
	EndGlobalSection
EndGlobal
