
Microsoft Visual Studio Solution File, Format Version 12.00
# Visual Studio Version 17
VisualStudioVersion = 17.5.33502.453
MinimumVisualStudioVersion = 10.0.40219.1
Project("{FAE04EC0-301F-11D3-BF4B-00C04F79EFBC}") = "SealedMethod1", "SealedMethod1\SealedMethod1.csproj", "{A1AFF21D-9655-4565-9235-159B02657E75}"
EndProject
Global
	GlobalSection(SolutionConfigurationPlatforms) = preSolution
		Debug|Any CPU = Debug|Any CPU
		Release|Any CPU = Release|Any CPU
	EndGlobalSection
	GlobalSection(ProjectConfigurationPlatforms) = postSolution
		{A1AFF21D-9655-4565-9235-159B02657E75}.Debug|Any CPU.ActiveCfg = Debug|Any CPU
		{A1AFF21D-9655-4565-9235-159B02657E75}.Debug|Any CPU.Build.0 = Debug|Any CPU
		{A1AFF21D-9655-4565-9235-159B02657E75}.Release|Any CPU.ActiveCfg = Release|Any CPU
		{A1AFF21D-9655-4565-9235-159B02657E75}.Release|Any CPU.Build.0 = Release|Any CPU
	EndGlobalSection
	GlobalSection(SolutionProperties) = preSolution
		HideSolutionNode = FALSE
	EndGlobalSection
	GlobalSection(ExtensibilityGlobals) = postSolution
		SolutionGuid = {7524D05F-31D6-4D30-B32D-18347614379D}
	EndGlobalSection
EndGlobal
