
Microsoft Visual Studio Solution File, Format Version 12.00
# Visual Studio Version 17
VisualStudioVersion = 17.5.33502.453
MinimumVisualStudioVersion = 10.0.40219.1
Project("{FAE04EC0-301F-11D3-BF4B-00C04F79EFBC}") = "ArithmaticOp_Parameters_returnvalue", "ArithmaticOp_Parameters_returnvalue\ArithmaticOp_Parameters_returnvalue.csproj", "{8BA45E04-CDEF-47F2-94B2-57CADC5E0FE9}"
EndProject
Global
	GlobalSection(SolutionConfigurationPlatforms) = preSolution
		Debug|Any CPU = Debug|Any CPU
		Release|Any CPU = Release|Any CPU
	EndGlobalSection
	GlobalSection(ProjectConfigurationPlatforms) = postSolution
		{8BA45E04-CDEF-47F2-94B2-57CADC5E0FE9}.Debug|Any CPU.ActiveCfg = Debug|Any CPU
		{8BA45E04-CDEF-47F2-94B2-57CADC5E0FE9}.Debug|Any CPU.Build.0 = Debug|Any CPU
		{8BA45E04-CDEF-47F2-94B2-57CADC5E0FE9}.Release|Any CPU.ActiveCfg = Release|Any CPU
		{8BA45E04-CDEF-47F2-94B2-57CADC5E0FE9}.Release|Any CPU.Build.0 = Release|Any CPU
	EndGlobalSection
	GlobalSection(SolutionProperties) = preSolution
		HideSolutionNode = FALSE
	EndGlobalSection
	GlobalSection(ExtensibilityGlobals) = postSolution
		SolutionGuid = {28D7424B-B00F-4AE5-83B6-73AF10778332}
	EndGlobalSection
EndGlobal
