
Microsoft Visual Studio Solution File, Format Version 12.00
# Visual Studio Version 17
VisualStudioVersion = 17.5.33502.453
MinimumVisualStudioVersion = 10.0.40219.1
Project("{FAE04EC0-301F-11D3-BF4B-00C04F79EFBC}") = "ForemDisplay1", "ForemDisplay1\ForemDisplay1.csproj", "{FF418019-0A01-42F8-B53F-408F5E020F53}"
EndProject
Global
	GlobalSection(SolutionConfigurationPlatforms) = preSolution
		Debug|Any CPU = Debug|Any CPU
		Release|Any CPU = Release|Any CPU
	EndGlobalSection
	GlobalSection(ProjectConfigurationPlatforms) = postSolution
		{FF418019-0A01-42F8-B53F-408F5E020F53}.Debug|Any CPU.ActiveCfg = Debug|Any CPU
		{FF418019-0A01-42F8-B53F-408F5E020F53}.Debug|Any CPU.Build.0 = Debug|Any CPU
		{FF418019-0A01-42F8-B53F-408F5E020F53}.Release|Any CPU.ActiveCfg = Release|Any CPU
		{FF418019-0A01-42F8-B53F-408F5E020F53}.Release|Any CPU.Build.0 = Release|Any CPU
	EndGlobalSection
	GlobalSection(SolutionProperties) = preSolution
		HideSolutionNode = FALSE
	EndGlobalSection
	GlobalSection(ExtensibilityGlobals) = postSolution
		SolutionGuid = {F00D5501-E7BA-4D88-A079-FF9CDC478F69}
	EndGlobalSection
EndGlobal
