
Microsoft Visual Studio Solution File, Format Version 12.00
# Visual Studio Version 17
VisualStudioVersion = 17.5.33502.453
MinimumVisualStudioVersion = 10.0.40219.1
Project("{FAE04EC0-301F-11D3-BF4B-00C04F79EFBC}") = "ClassHavingFeildMethods", "ClassHavingFeildMethods\ClassHavingFeildMethods.csproj", "{CE4D7D98-2DB5-4150-958F-88CA24AAF9DD}"
EndProject
Global
	GlobalSection(SolutionConfigurationPlatforms) = preSolution
		Debug|Any CPU = Debug|Any CPU
		Release|Any CPU = Release|Any CPU
	EndGlobalSection
	GlobalSection(ProjectConfigurationPlatforms) = postSolution
		{CE4D7D98-2DB5-4150-958F-88CA24AAF9DD}.Debug|Any CPU.ActiveCfg = Debug|Any CPU
		{CE4D7D98-2DB5-4150-958F-88CA24AAF9DD}.Debug|Any CPU.Build.0 = Debug|Any CPU
		{CE4D7D98-2DB5-4150-958F-88CA24AAF9DD}.Release|Any CPU.ActiveCfg = Release|Any CPU
		{CE4D7D98-2DB5-4150-958F-88CA24AAF9DD}.Release|Any CPU.Build.0 = Release|Any CPU
	EndGlobalSection
	GlobalSection(SolutionProperties) = preSolution
		HideSolutionNode = FALSE
	EndGlobalSection
	GlobalSection(ExtensibilityGlobals) = postSolution
		SolutionGuid = {1266FCBB-381E-43F0-93F0-A9B03B0425AE}
	EndGlobalSection
EndGlobal
