
Microsoft Visual Studio Solution File, Format Version 12.00
# Visual Studio Version 17
VisualStudioVersion = 17.5.33502.453
MinimumVisualStudioVersion = 10.0.40219.1
Project("{FAE04EC0-301F-11D3-BF4B-00C04F79EFBC}") = "passByValueAdd", "passByValueAdd\passByValueAdd.csproj", "{879917F2-665F-4CBA-95B5-631F60F594AF}"
EndProject
Global
	GlobalSection(SolutionConfigurationPlatforms) = preSolution
		Debug|Any CPU = Debug|Any CPU
		Release|Any CPU = Release|Any CPU
	EndGlobalSection
	GlobalSection(ProjectConfigurationPlatforms) = postSolution
		{879917F2-665F-4CBA-95B5-631F60F594AF}.Debug|Any CPU.ActiveCfg = Debug|Any CPU
		{879917F2-665F-4CBA-95B5-631F60F594AF}.Debug|Any CPU.Build.0 = Debug|Any CPU
		{879917F2-665F-4CBA-95B5-631F60F594AF}.Release|Any CPU.ActiveCfg = Release|Any CPU
		{879917F2-665F-4CBA-95B5-631F60F594AF}.Release|Any CPU.Build.0 = Release|Any CPU
	EndGlobalSection
	GlobalSection(SolutionProperties) = preSolution
		HideSolutionNode = FALSE
	EndGlobalSection
	GlobalSection(ExtensibilityGlobals) = postSolution
		SolutionGuid = {5D07A03F-CF5A-491D-8427-121FF5682439}
	EndGlobalSection
EndGlobal
