
Microsoft Visual Studio Solution File, Format Version 12.00
# Visual Studio Version 17
VisualStudioVersion = 17.6.33723.286
MinimumVisualStudioVersion = 10.0.40219.1
Project("{FAE04EC0-301F-11D3-BF4B-00C04F79EFBC}") = "MVCAlgorithmIntro", "MVCAlgorithmIntro\MVCAlgorithmIntro.csproj", "{8A987F42-7023-49ED-BEEB-D5B14FAC5D45}"
EndProject
Global
	GlobalSection(SolutionConfigurationPlatforms) = preSolution
		Debug|Any CPU = Debug|Any CPU
		Release|Any CPU = Release|Any CPU
	EndGlobalSection
	GlobalSection(ProjectConfigurationPlatforms) = postSolution
		{8A987F42-7023-49ED-BEEB-D5B14FAC5D45}.Debug|Any CPU.ActiveCfg = Debug|Any CPU
		{8A987F42-7023-49ED-BEEB-D5B14FAC5D45}.Debug|Any CPU.Build.0 = Debug|Any CPU
		{8A987F42-7023-49ED-BEEB-D5B14FAC5D45}.Release|Any CPU.ActiveCfg = Release|Any CPU
		{8A987F42-7023-49ED-BEEB-D5B14FAC5D45}.Release|Any CPU.Build.0 = Release|Any CPU
	EndGlobalSection
	GlobalSection(SolutionProperties) = preSolution
		HideSolutionNode = FALSE
	EndGlobalSection
	GlobalSection(ExtensibilityGlobals) = postSolution
		SolutionGuid = {5F6C7C19-D77A-4EE4-81C0-C120E02E3182}
	EndGlobalSection
EndGlobal
