
Microsoft Visual Studio Solution File, Format Version 12.00
# Visual Studio Version 17
VisualStudioVersion = 17.5.33502.453
MinimumVisualStudioVersion = 10.0.40219.1
Project("{FAE04EC0-301F-11D3-BF4B-00C04F79EFBC}") = "ClassEmployeeFeildAndMethod", "ClassEmployeeFeildAndMethod\ClassEmployeeFeildAndMethod.csproj", "{AAB5A63D-97D8-47A3-9FF5-79EA40CECF2A}"
EndProject
Global
	GlobalSection(SolutionConfigurationPlatforms) = preSolution
		Debug|Any CPU = Debug|Any CPU
		Release|Any CPU = Release|Any CPU
	EndGlobalSection
	GlobalSection(ProjectConfigurationPlatforms) = postSolution
		{AAB5A63D-97D8-47A3-9FF5-79EA40CECF2A}.Debug|Any CPU.ActiveCfg = Debug|Any CPU
		{AAB5A63D-97D8-47A3-9FF5-79EA40CECF2A}.Debug|Any CPU.Build.0 = Debug|Any CPU
		{AAB5A63D-97D8-47A3-9FF5-79EA40CECF2A}.Release|Any CPU.ActiveCfg = Release|Any CPU
		{AAB5A63D-97D8-47A3-9FF5-79EA40CECF2A}.Release|Any CPU.Build.0 = Release|Any CPU
	EndGlobalSection
	GlobalSection(SolutionProperties) = preSolution
		HideSolutionNode = FALSE
	EndGlobalSection
	GlobalSection(ExtensibilityGlobals) = postSolution
		SolutionGuid = {489A4596-4AAB-459E-AB67-82E5608591FF}
	EndGlobalSection
EndGlobal
