
Microsoft Visual Studio Solution File, Format Version 12.00
# Visual Studio Version 17
VisualStudioVersion = 17.5.33502.453
MinimumVisualStudioVersion = 10.0.40219.1
Project("{FAE04EC0-301F-11D3-BF4B-00C04F79EFBC}") = "MultilevelInheritance", "MultilevelInheritance\MultilevelInheritance.csproj", "{D376AE89-1A07-4F07-B92B-0AA8E43AE798}"
EndProject
Global
	GlobalSection(SolutionConfigurationPlatforms) = preSolution
		Debug|Any CPU = Debug|Any CPU
		Release|Any CPU = Release|Any CPU
	EndGlobalSection
	GlobalSection(ProjectConfigurationPlatforms) = postSolution
		{D376AE89-1A07-4F07-B92B-0AA8E43AE798}.Debug|Any CPU.ActiveCfg = Debug|Any CPU
		{D376AE89-1A07-4F07-B92B-0AA8E43AE798}.Debug|Any CPU.Build.0 = Debug|Any CPU
		{D376AE89-1A07-4F07-B92B-0AA8E43AE798}.Release|Any CPU.ActiveCfg = Release|Any CPU
		{D376AE89-1A07-4F07-B92B-0AA8E43AE798}.Release|Any CPU.Build.0 = Release|Any CPU
	EndGlobalSection
	GlobalSection(SolutionProperties) = preSolution
		HideSolutionNode = FALSE
	EndGlobalSection
	GlobalSection(ExtensibilityGlobals) = postSolution
		SolutionGuid = {225C54D9-E65F-4467-872D-52E15D140AB7}
	EndGlobalSection
EndGlobal
