
Microsoft Visual Studio Solution File, Format Version 12.00
# Visual Studio Version 17
VisualStudioVersion = 17.5.33502.453
MinimumVisualStudioVersion = 10.0.40219.1
Project("{FAE04EC0-301F-11D3-BF4B-00C04F79EFBC}") = "Prime1-20DoWhileLOOP", "Prime1-20DoWhileLOOP\Prime1-20DoWhileLOOP.csproj", "{0632B0AF-1CAD-401E-B96C-43C3D3540C2A}"
EndProject
Global
	GlobalSection(SolutionConfigurationPlatforms) = preSolution
		Debug|Any CPU = Debug|Any CPU
		Release|Any CPU = Release|Any CPU
	EndGlobalSection
	GlobalSection(ProjectConfigurationPlatforms) = postSolution
		{0632B0AF-1CAD-401E-B96C-43C3D3540C2A}.Debug|Any CPU.ActiveCfg = Debug|Any CPU
		{0632B0AF-1CAD-401E-B96C-43C3D3540C2A}.Debug|Any CPU.Build.0 = Debug|Any CPU
		{0632B0AF-1CAD-401E-B96C-43C3D3540C2A}.Release|Any CPU.ActiveCfg = Release|Any CPU
		{0632B0AF-1CAD-401E-B96C-43C3D3540C2A}.Release|Any CPU.Build.0 = Release|Any CPU
	EndGlobalSection
	GlobalSection(SolutionProperties) = preSolution
		HideSolutionNode = FALSE
	EndGlobalSection
	GlobalSection(ExtensibilityGlobals) = postSolution
		SolutionGuid = {50CEDC00-832A-431F-A3F9-88ABE32B3DB6}
	EndGlobalSection
EndGlobal
