
Microsoft Visual Studio Solution File, Format Version 12.00
# Visual Studio Version 17
VisualStudioVersion = 17.6.33723.286
MinimumVisualStudioVersion = 10.0.40219.1
Project("{FAE04EC0-301F-11D3-BF4B-00C04F79EFBC}") = "HTMLhelperForm", "HTMLhelperForm\HTMLhelperForm.csproj", "{7951E08D-9E80-4756-9162-EE3211E0A5F1}"
EndProject
Global
	GlobalSection(SolutionConfigurationPlatforms) = preSolution
		Debug|Any CPU = Debug|Any CPU
		Release|Any CPU = Release|Any CPU
	EndGlobalSection
	GlobalSection(ProjectConfigurationPlatforms) = postSolution
		{7951E08D-9E80-4756-9162-EE3211E0A5F1}.Debug|Any CPU.ActiveCfg = Debug|Any CPU
		{7951E08D-9E80-4756-9162-EE3211E0A5F1}.Debug|Any CPU.Build.0 = Debug|Any CPU
		{7951E08D-9E80-4756-9162-EE3211E0A5F1}.Release|Any CPU.ActiveCfg = Release|Any CPU
		{7951E08D-9E80-4756-9162-EE3211E0A5F1}.Release|Any CPU.Build.0 = Release|Any CPU
	EndGlobalSection
	GlobalSection(SolutionProperties) = preSolution
		HideSolutionNode = FALSE
	EndGlobalSection
	GlobalSection(ExtensibilityGlobals) = postSolution
		SolutionGuid = {0718E9A1-FB47-4B7E-B49E-A00EF81C0E98}
	EndGlobalSection
EndGlobal
