
Microsoft Visual Studio Solution File, Format Version 12.00
# Visual Studio Version 17
VisualStudioVersion = 17.5.33502.453
MinimumVisualStudioVersion = 10.0.40219.1
Project("{FAE04EC0-301F-11D3-BF4B-00C04F79EFBC}") = "ThreeSubjectsArray", "ThreeSubjectsArray\ThreeSubjectsArray.csproj", "{CF7D9178-A272-4B2A-AAEB-E4770EF88D6A}"
EndProject
Global
	GlobalSection(SolutionConfigurationPlatforms) = preSolution
		Debug|Any CPU = Debug|Any CPU
		Release|Any CPU = Release|Any CPU
	EndGlobalSection
	GlobalSection(ProjectConfigurationPlatforms) = postSolution
		{CF7D9178-A272-4B2A-AAEB-E4770EF88D6A}.Debug|Any CPU.ActiveCfg = Debug|Any CPU
		{CF7D9178-A272-4B2A-AAEB-E4770EF88D6A}.Debug|Any CPU.Build.0 = Debug|Any CPU
		{CF7D9178-A272-4B2A-AAEB-E4770EF88D6A}.Release|Any CPU.ActiveCfg = Release|Any CPU
		{CF7D9178-A272-4B2A-AAEB-E4770EF88D6A}.Release|Any CPU.Build.0 = Release|Any CPU
	EndGlobalSection
	GlobalSection(SolutionProperties) = preSolution
		HideSolutionNode = FALSE
	EndGlobalSection
	GlobalSection(ExtensibilityGlobals) = postSolution
		SolutionGuid = {7708386F-F98A-41EC-A4C6-26624F28E29C}
	EndGlobalSection
EndGlobal
