
Microsoft Visual Studio Solution File, Format Version 12.00
# Visual Studio Version 17
VisualStudioVersion = 17.5.33502.453
MinimumVisualStudioVersion = 10.0.40219.1
Project("{FAE04EC0-301F-11D3-BF4B-00C04F79EFBC}") = "ClassEmployeeFieldandMethod", "ClassEmployeeFieldandMethod\ClassEmployeeFieldandMethod.csproj", "{DB785DDC-A936-4EBA-B1F8-0DF4EA5E5F6A}"
EndProject
Global
	GlobalSection(SolutionConfigurationPlatforms) = preSolution
		Debug|Any CPU = Debug|Any CPU
		Release|Any CPU = Release|Any CPU
	EndGlobalSection
	GlobalSection(ProjectConfigurationPlatforms) = postSolution
		{DB785DDC-A936-4EBA-B1F8-0DF4EA5E5F6A}.Debug|Any CPU.ActiveCfg = Debug|Any CPU
		{DB785DDC-A936-4EBA-B1F8-0DF4EA5E5F6A}.Debug|Any CPU.Build.0 = Debug|Any CPU
		{DB785DDC-A936-4EBA-B1F8-0DF4EA5E5F6A}.Release|Any CPU.ActiveCfg = Release|Any CPU
		{DB785DDC-A936-4EBA-B1F8-0DF4EA5E5F6A}.Release|Any CPU.Build.0 = Release|Any CPU
	EndGlobalSection
	GlobalSection(SolutionProperties) = preSolution
		HideSolutionNode = FALSE
	EndGlobalSection
	GlobalSection(ExtensibilityGlobals) = postSolution
		SolutionGuid = {1133A1C8-B603-4A0A-8368-73D837E61AE2}
	EndGlobalSection
EndGlobal
