
Microsoft Visual Studio Solution File, Format Version 12.00
# Visual Studio Version 17
VisualStudioVersion = 17.5.33502.453
MinimumVisualStudioVersion = 10.0.40219.1
Project("{FAE04EC0-301F-11D3-BF4B-00C04F79EFBC}") = "Prime1-20WhileLOOP", "Prime1-20WhileLOOP\Prime1-20WhileLOOP.csproj", "{D72134D6-7FD4-48B8-913E-3FDB57470244}"
EndProject
Global
	GlobalSection(SolutionConfigurationPlatforms) = preSolution
		Debug|Any CPU = Debug|Any CPU
		Release|Any CPU = Release|Any CPU
	EndGlobalSection
	GlobalSection(ProjectConfigurationPlatforms) = postSolution
		{D72134D6-7FD4-48B8-913E-3FDB57470244}.Debug|Any CPU.ActiveCfg = Debug|Any CPU
		{D72134D6-7FD4-48B8-913E-3FDB57470244}.Debug|Any CPU.Build.0 = Debug|Any CPU
		{D72134D6-7FD4-48B8-913E-3FDB57470244}.Release|Any CPU.ActiveCfg = Release|Any CPU
		{D72134D6-7FD4-48B8-913E-3FDB57470244}.Release|Any CPU.Build.0 = Release|Any CPU
	EndGlobalSection
	GlobalSection(SolutionProperties) = preSolution
		HideSolutionNode = FALSE
	EndGlobalSection
	GlobalSection(ExtensibilityGlobals) = postSolution
		SolutionGuid = {CFBEDED9-B940-4899-AC17-D70A445B2786}
	EndGlobalSection
EndGlobal
