
Microsoft Visual Studio Solution File, Format Version 12.00
# Visual Studio Version 17
VisualStudioVersion = 17.5.33502.453
MinimumVisualStudioVersion = 10.0.40219.1
Project("{FAE04EC0-301F-11D3-BF4B-00C04F79EFBC}") = "positionEmployeeSalary", "positionEmployeeSalary\positionEmployeeSalary.csproj", "{F1C74173-BB02-4BB9-8A4E-BABB4B3509D3}"
EndProject
Global
	GlobalSection(SolutionConfigurationPlatforms) = preSolution
		Debug|Any CPU = Debug|Any CPU
		Release|Any CPU = Release|Any CPU
	EndGlobalSection
	GlobalSection(ProjectConfigurationPlatforms) = postSolution
		{F1C74173-BB02-4BB9-8A4E-BABB4B3509D3}.Debug|Any CPU.ActiveCfg = Debug|Any CPU
		{F1C74173-BB02-4BB9-8A4E-BABB4B3509D3}.Debug|Any CPU.Build.0 = Debug|Any CPU
		{F1C74173-BB02-4BB9-8A4E-BABB4B3509D3}.Release|Any CPU.ActiveCfg = Release|Any CPU
		{F1C74173-BB02-4BB9-8A4E-BABB4B3509D3}.Release|Any CPU.Build.0 = Release|Any CPU
	EndGlobalSection
	GlobalSection(SolutionProperties) = preSolution
		HideSolutionNode = FALSE
	EndGlobalSection
	GlobalSection(ExtensibilityGlobals) = postSolution
		SolutionGuid = {6DAE02C9-8564-49B3-BCC8-8B96E4F14BD0}
	EndGlobalSection
EndGlobal
