
Microsoft Visual Studio Solution File, Format Version 12.00
# Visual Studio Version 17
VisualStudioVersion = 17.5.33502.453
MinimumVisualStudioVersion = 10.0.40219.1
Project("{FAE04EC0-301F-11D3-BF4B-00C04F79EFBC}") = "WinFormsApp1BalanceAmount", "WinFormsApp1BalanceAmount\WinFormsApp1BalanceAmount.csproj", "{EE430AA3-A77E-4FD1-9A89-244D52FF50B7}"
EndProject
Global
	GlobalSection(SolutionConfigurationPlatforms) = preSolution
		Debug|Any CPU = Debug|Any CPU
		Release|Any CPU = Release|Any CPU
	EndGlobalSection
	GlobalSection(ProjectConfigurationPlatforms) = postSolution
		{EE430AA3-A77E-4FD1-9A89-244D52FF50B7}.Debug|Any CPU.ActiveCfg = Debug|Any CPU
		{EE430AA3-A77E-4FD1-9A89-244D52FF50B7}.Debug|Any CPU.Build.0 = Debug|Any CPU
		{EE430AA3-A77E-4FD1-9A89-244D52FF50B7}.Release|Any CPU.ActiveCfg = Release|Any CPU
		{EE430AA3-A77E-4FD1-9A89-244D52FF50B7}.Release|Any CPU.Build.0 = Release|Any CPU
	EndGlobalSection
	GlobalSection(SolutionProperties) = preSolution
		HideSolutionNode = FALSE
	EndGlobalSection
	GlobalSection(ExtensibilityGlobals) = postSolution
		SolutionGuid = {FA55159E-EC61-4A92-B441-47AB68CE7BFD}
	EndGlobalSection
EndGlobal
