
Microsoft Visual Studio Solution File, Format Version 12.00
# Visual Studio Version 17
VisualStudioVersion = 17.5.33502.453
MinimumVisualStudioVersion = 10.0.40219.1
Project("{FAE04EC0-301F-11D3-BF4B-00C04F79EFBC}") = "WinFormsApp1EmployeeSalary", "WinFormsApp1EmployeeSalary\WinFormsApp1EmployeeSalary.csproj", "{DE5B11E0-BFDB-426B-AC2A-9FACF375D97B}"
EndProject
Global
	GlobalSection(SolutionConfigurationPlatforms) = preSolution
		Debug|Any CPU = Debug|Any CPU
		Release|Any CPU = Release|Any CPU
	EndGlobalSection
	GlobalSection(ProjectConfigurationPlatforms) = postSolution
		{DE5B11E0-BFDB-426B-AC2A-9FACF375D97B}.Debug|Any CPU.ActiveCfg = Debug|Any CPU
		{DE5B11E0-BFDB-426B-AC2A-9FACF375D97B}.Debug|Any CPU.Build.0 = Debug|Any CPU
		{DE5B11E0-BFDB-426B-AC2A-9FACF375D97B}.Release|Any CPU.ActiveCfg = Release|Any CPU
		{DE5B11E0-BFDB-426B-AC2A-9FACF375D97B}.Release|Any CPU.Build.0 = Release|Any CPU
	EndGlobalSection
	GlobalSection(SolutionProperties) = preSolution
		HideSolutionNode = FALSE
	EndGlobalSection
	GlobalSection(ExtensibilityGlobals) = postSolution
		SolutionGuid = {EC7CF132-090B-4D47-BB6B-DDA9C3D12FD2}
	EndGlobalSection
EndGlobal
