
Microsoft Visual Studio Solution File, Format Version 12.00
# Visual Studio Version 17
VisualStudioVersion = 17.5.33502.453
MinimumVisualStudioVersion = 10.0.40219.1
Project("{FAE04EC0-301F-11D3-BF4B-00C04F79EFBC}") = "foreach1", "foreach1\foreach1.csproj", "{D53FAFC4-2152-480B-935E-FDD8136D5766}"
EndProject
Global
	GlobalSection(SolutionConfigurationPlatforms) = preSolution
		Debug|Any CPU = Debug|Any CPU
		Release|Any CPU = Release|Any CPU
	EndGlobalSection
	GlobalSection(ProjectConfigurationPlatforms) = postSolution
		{D53FAFC4-2152-480B-935E-FDD8136D5766}.Debug|Any CPU.ActiveCfg = Debug|Any CPU
		{D53FAFC4-2152-480B-935E-FDD8136D5766}.Debug|Any CPU.Build.0 = Debug|Any CPU
		{D53FAFC4-2152-480B-935E-FDD8136D5766}.Release|Any CPU.ActiveCfg = Release|Any CPU
		{D53FAFC4-2152-480B-935E-FDD8136D5766}.Release|Any CPU.Build.0 = Release|Any CPU
	EndGlobalSection
	GlobalSection(SolutionProperties) = preSolution
		HideSolutionNode = FALSE
	EndGlobalSection
	GlobalSection(ExtensibilityGlobals) = postSolution
		SolutionGuid = {7844ECC3-12B8-4C0D-AC32-F68CDAD06205}
	EndGlobalSection
EndGlobal
