
Microsoft Visual Studio Solution File, Format Version 12.00
# Visual Studio Version 17
VisualStudioVersion = 17.6.33723.286
MinimumVisualStudioVersion = 10.0.40219.1
Project("{FAE04EC0-301F-11D3-BF4B-00C04F79EFBC}") = "EmployeeRegistration(Data Reader)", "EmployeeRegistration(Data Reader)\EmployeeRegistration(Data Reader).csproj", "{B408A4CE-0531-4220-A6CB-2F42D94CADA9}"
EndProject
Global
	GlobalSection(SolutionConfigurationPlatforms) = preSolution
		Debug|Any CPU = Debug|Any CPU
		Release|Any CPU = Release|Any CPU
	EndGlobalSection
	GlobalSection(ProjectConfigurationPlatforms) = postSolution
		{B408A4CE-0531-4220-A6CB-2F42D94CADA9}.Debug|Any CPU.ActiveCfg = Debug|Any CPU
		{B408A4CE-0531-4220-A6CB-2F42D94CADA9}.Debug|Any CPU.Build.0 = Debug|Any CPU
		{B408A4CE-0531-4220-A6CB-2F42D94CADA9}.Release|Any CPU.ActiveCfg = Release|Any CPU
		{B408A4CE-0531-4220-A6CB-2F42D94CADA9}.Release|Any CPU.Build.0 = Release|Any CPU
	EndGlobalSection
	GlobalSection(SolutionProperties) = preSolution
		HideSolutionNode = FALSE
	EndGlobalSection
	GlobalSection(ExtensibilityGlobals) = postSolution
		SolutionGuid = {C87DA17D-9238-4F24-9A1E-246B041BA6ED}
	EndGlobalSection
EndGlobal
