
Microsoft Visual Studio Solution File, Format Version 12.00
# Visual Studio Version 17
VisualStudioVersion = 17.5.33502.453
MinimumVisualStudioVersion = 10.0.40219.1
Project("{FAE04EC0-301F-11D3-BF4B-00C04F79EFBC}") = "calculate_operator", "calculate_operator\calculate_operator.csproj", "{0297D613-566B-4BC9-9B1B-0FA1A1F4BB19}"
EndProject
Global
	GlobalSection(SolutionConfigurationPlatforms) = preSolution
		Debug|Any CPU = Debug|Any CPU
		Release|Any CPU = Release|Any CPU
	EndGlobalSection
	GlobalSection(ProjectConfigurationPlatforms) = postSolution
		{0297D613-566B-4BC9-9B1B-0FA1A1F4BB19}.Debug|Any CPU.ActiveCfg = Debug|Any CPU
		{0297D613-566B-4BC9-9B1B-0FA1A1F4BB19}.Debug|Any CPU.Build.0 = Debug|Any CPU
		{0297D613-566B-4BC9-9B1B-0FA1A1F4BB19}.Release|Any CPU.ActiveCfg = Release|Any CPU
		{0297D613-566B-4BC9-9B1B-0FA1A1F4BB19}.Release|Any CPU.Build.0 = Release|Any CPU
	EndGlobalSection
	GlobalSection(SolutionProperties) = preSolution
		HideSolutionNode = FALSE
	EndGlobalSection
	GlobalSection(ExtensibilityGlobals) = postSolution
		SolutionGuid = {3F0B798D-AF7E-43F5-BDFD-54E49DC48285}
	EndGlobalSection
EndGlobal
