
Microsoft Visual Studio Solution File, Format Version 12.00
# Visual Studio Version 17
VisualStudioVersion = 17.6.33723.286
MinimumVisualStudioVersion = 10.0.40219.1
Project("{FAE04EC0-301F-11D3-BF4B-00C04F79EFBC}") = "WildlifeWebsite", "WildlifeWebsite\WildlifeWebsite.csproj", "{0057A4FE-6619-4FE7-8EDD-7992ED05602C}"
EndProject
Global
	GlobalSection(SolutionConfigurationPlatforms) = preSolution
		Debug|Any CPU = Debug|Any CPU
		Release|Any CPU = Release|Any CPU
	EndGlobalSection
	GlobalSection(ProjectConfigurationPlatforms) = postSolution
		{0057A4FE-6619-4FE7-8EDD-7992ED05602C}.Debug|Any CPU.ActiveCfg = Debug|Any CPU
		{0057A4FE-6619-4FE7-8EDD-7992ED05602C}.Debug|Any CPU.Build.0 = Debug|Any CPU
		{0057A4FE-6619-4FE7-8EDD-7992ED05602C}.Release|Any CPU.ActiveCfg = Release|Any CPU
		{0057A4FE-6619-4FE7-8EDD-7992ED05602C}.Release|Any CPU.Build.0 = Release|Any CPU
	EndGlobalSection
	GlobalSection(SolutionProperties) = preSolution
		HideSolutionNode = FALSE
	EndGlobalSection
	GlobalSection(ExtensibilityGlobals) = postSolution
		SolutionGuid = {4C387B9C-C785-4A9E-B512-C54C5F15694D}
	EndGlobalSection
EndGlobal
