
Microsoft Visual Studio Solution File, Format Version 12.00
# Visual Studio Version 17
VisualStudioVersion = 17.5.33502.453
MinimumVisualStudioVersion = 10.0.40219.1
Project("{FAE04EC0-301F-11D3-BF4B-00C04F79EFBC}") = "EmployeeSalary_abstract", "EmployeeSalary_abstract\EmployeeSalary_abstract.csproj", "{61612934-3573-4071-AE74-8B60253C449F}"
EndProject
Global
	GlobalSection(SolutionConfigurationPlatforms) = preSolution
		Debug|Any CPU = Debug|Any CPU
		Release|Any CPU = Release|Any CPU
	EndGlobalSection
	GlobalSection(ProjectConfigurationPlatforms) = postSolution
		{61612934-3573-4071-AE74-8B60253C449F}.Debug|Any CPU.ActiveCfg = Debug|Any CPU
		{61612934-3573-4071-AE74-8B60253C449F}.Debug|Any CPU.Build.0 = Debug|Any CPU
		{61612934-3573-4071-AE74-8B60253C449F}.Release|Any CPU.ActiveCfg = Release|Any CPU
		{61612934-3573-4071-AE74-8B60253C449F}.Release|Any CPU.Build.0 = Release|Any CPU
	EndGlobalSection
	GlobalSection(SolutionProperties) = preSolution
		HideSolutionNode = FALSE
	EndGlobalSection
	GlobalSection(ExtensibilityGlobals) = postSolution
		SolutionGuid = {A387FE24-732E-4A51-8449-CC57830145ED}
	EndGlobalSection
EndGlobal
