
Microsoft Visual Studio Solution File, Format Version 12.00
# Visual Studio Version 17
VisualStudioVersion = 17.5.33502.453
MinimumVisualStudioVersion = 10.0.40219.1
Project("{FAE04EC0-301F-11D3-BF4B-00C04F79EFBC}") = "stringPalindrome", "stringPalindrome\stringPalindrome.csproj", "{8D2E6A38-A7F6-4860-9782-A2B53D6D07DE}"
EndProject
Global
	GlobalSection(SolutionConfigurationPlatforms) = preSolution
		Debug|Any CPU = Debug|Any CPU
		Release|Any CPU = Release|Any CPU
	EndGlobalSection
	GlobalSection(ProjectConfigurationPlatforms) = postSolution
		{8D2E6A38-A7F6-4860-9782-A2B53D6D07DE}.Debug|Any CPU.ActiveCfg = Debug|Any CPU
		{8D2E6A38-A7F6-4860-9782-A2B53D6D07DE}.Debug|Any CPU.Build.0 = Debug|Any CPU
		{8D2E6A38-A7F6-4860-9782-A2B53D6D07DE}.Release|Any CPU.ActiveCfg = Release|Any CPU
		{8D2E6A38-A7F6-4860-9782-A2B53D6D07DE}.Release|Any CPU.Build.0 = Release|Any CPU
	EndGlobalSection
	GlobalSection(SolutionProperties) = preSolution
		HideSolutionNode = FALSE
	EndGlobalSection
	GlobalSection(ExtensibilityGlobals) = postSolution
		SolutionGuid = {EDE49575-ED6D-4E5A-9AA5-5B0D27DB3C61}
	EndGlobalSection
EndGlobal
