
Microsoft Visual Studio Solution File, Format Version 12.00
# Visual Studio Version 17
VisualStudioVersion = 17.5.33502.453
MinimumVisualStudioVersion = 10.0.40219.1
Project("{FAE04EC0-301F-11D3-BF4B-00C04F79EFBC}") = "arrayChar", "arrayChar\arrayChar.csproj", "{F1CD9F5C-C54B-44AA-A247-4F9A7EB0D3C5}"
EndProject
Global
	GlobalSection(SolutionConfigurationPlatforms) = preSolution
		Debug|Any CPU = Debug|Any CPU
		Release|Any CPU = Release|Any CPU
	EndGlobalSection
	GlobalSection(ProjectConfigurationPlatforms) = postSolution
		{F1CD9F5C-C54B-44AA-A247-4F9A7EB0D3C5}.Debug|Any CPU.ActiveCfg = Debug|Any CPU
		{F1CD9F5C-C54B-44AA-A247-4F9A7EB0D3C5}.Debug|Any CPU.Build.0 = Debug|Any CPU
		{F1CD9F5C-C54B-44AA-A247-4F9A7EB0D3C5}.Release|Any CPU.ActiveCfg = Release|Any CPU
		{F1CD9F5C-C54B-44AA-A247-4F9A7EB0D3C5}.Release|Any CPU.Build.0 = Release|Any CPU
	EndGlobalSection
	GlobalSection(SolutionProperties) = preSolution
		HideSolutionNode = FALSE
	EndGlobalSection
	GlobalSection(ExtensibilityGlobals) = postSolution
		SolutionGuid = {95150D9A-4996-4C98-B8C1-CF47B99F9BA9}
	EndGlobalSection
EndGlobal
