
Microsoft Visual Studio Solution File, Format Version 12.00
# Visual Studio Version 17
VisualStudioVersion = 17.5.33502.453
MinimumVisualStudioVersion = 10.0.40219.1
Project("{FAE04EC0-301F-11D3-BF4B-00C04F79EFBC}") = "num1Num2forloop", "num1Num2forloop\num1Num2forloop.csproj", "{AB8A290E-38AB-40F2-838E-F065CA22F8AD}"
EndProject
Global
	GlobalSection(SolutionConfigurationPlatforms) = preSolution
		Debug|Any CPU = Debug|Any CPU
		Release|Any CPU = Release|Any CPU
	EndGlobalSection
	GlobalSection(ProjectConfigurationPlatforms) = postSolution
		{AB8A290E-38AB-40F2-838E-F065CA22F8AD}.Debug|Any CPU.ActiveCfg = Debug|Any CPU
		{AB8A290E-38AB-40F2-838E-F065CA22F8AD}.Debug|Any CPU.Build.0 = Debug|Any CPU
		{AB8A290E-38AB-40F2-838E-F065CA22F8AD}.Release|Any CPU.ActiveCfg = Release|Any CPU
		{AB8A290E-38AB-40F2-838E-F065CA22F8AD}.Release|Any CPU.Build.0 = Release|Any CPU
	EndGlobalSection
	GlobalSection(SolutionProperties) = preSolution
		HideSolutionNode = FALSE
	EndGlobalSection
	GlobalSection(ExtensibilityGlobals) = postSolution
		SolutionGuid = {03244CA5-4362-46CB-B740-E3E36EEB16AE}
	EndGlobalSection
EndGlobal
