
Microsoft Visual Studio Solution File, Format Version 12.00
# Visual Studio Version 17
VisualStudioVersion = 17.5.33502.453
MinimumVisualStudioVersion = 10.0.40219.1
Project("{FAE04EC0-301F-11D3-BF4B-00C04F79EFBC}") = "ClearMethod", "ClearMethod\ClearMethod.csproj", "{A025C793-CD14-40A3-A5F2-1F2504EC0992}"
EndProject
Global
	GlobalSection(SolutionConfigurationPlatforms) = preSolution
		Debug|Any CPU = Debug|Any CPU
		Release|Any CPU = Release|Any CPU
	EndGlobalSection
	GlobalSection(ProjectConfigurationPlatforms) = postSolution
		{A025C793-CD14-40A3-A5F2-1F2504EC0992}.Debug|Any CPU.ActiveCfg = Debug|Any CPU
		{A025C793-CD14-40A3-A5F2-1F2504EC0992}.Debug|Any CPU.Build.0 = Debug|Any CPU
		{A025C793-CD14-40A3-A5F2-1F2504EC0992}.Release|Any CPU.ActiveCfg = Release|Any CPU
		{A025C793-CD14-40A3-A5F2-1F2504EC0992}.Release|Any CPU.Build.0 = Release|Any CPU
	EndGlobalSection
	GlobalSection(SolutionProperties) = preSolution
		HideSolutionNode = FALSE
	EndGlobalSection
	GlobalSection(ExtensibilityGlobals) = postSolution
		SolutionGuid = {91468350-E41B-490D-B248-97ADF9E7CBAF}
	EndGlobalSection
EndGlobal
