
Microsoft Visual Studio Solution File, Format Version 12.00
# Visual Studio Version 17
VisualStudioVersion = 17.5.33502.453
MinimumVisualStudioVersion = 10.0.40219.1
Project("{FAE04EC0-301F-11D3-BF4B-00C04F79EFBC}") = "ClassHavingMethodsFeilds_Constructor", "ClassHavingMethodsFeilds_Constructor\ClassHavingMethodsFeilds_Constructor.csproj", "{894082AF-78B8-43D2-935F-692198C306B8}"
EndProject
Global
	GlobalSection(SolutionConfigurationPlatforms) = preSolution
		Debug|Any CPU = Debug|Any CPU
		Release|Any CPU = Release|Any CPU
	EndGlobalSection
	GlobalSection(ProjectConfigurationPlatforms) = postSolution
		{894082AF-78B8-43D2-935F-692198C306B8}.Debug|Any CPU.ActiveCfg = Debug|Any CPU
		{894082AF-78B8-43D2-935F-692198C306B8}.Debug|Any CPU.Build.0 = Debug|Any CPU
		{894082AF-78B8-43D2-935F-692198C306B8}.Release|Any CPU.ActiveCfg = Release|Any CPU
		{894082AF-78B8-43D2-935F-692198C306B8}.Release|Any CPU.Build.0 = Release|Any CPU
	EndGlobalSection
	GlobalSection(SolutionProperties) = preSolution
		HideSolutionNode = FALSE
	EndGlobalSection
	GlobalSection(ExtensibilityGlobals) = postSolution
		SolutionGuid = {4212306F-6A37-4489-991D-ABCB0D994EBE}
	EndGlobalSection
EndGlobal
