
Microsoft Visual Studio Solution File, Format Version 12.00
# Visual Studio Version 17
VisualStudioVersion = 17.5.33502.453
MinimumVisualStudioVersion = 10.0.40219.1
Project("{FAE04EC0-301F-11D3-BF4B-00C04F79EFBC}") = "HeirarchicalInheritance", "HeirarchicalInheritance\HeirarchicalInheritance.csproj", "{D5D46BAD-32CC-4804-956F-D48657452D6F}"
EndProject
Global
	GlobalSection(SolutionConfigurationPlatforms) = preSolution
		Debug|Any CPU = Debug|Any CPU
		Release|Any CPU = Release|Any CPU
	EndGlobalSection
	GlobalSection(ProjectConfigurationPlatforms) = postSolution
		{D5D46BAD-32CC-4804-956F-D48657452D6F}.Debug|Any CPU.ActiveCfg = Debug|Any CPU
		{D5D46BAD-32CC-4804-956F-D48657452D6F}.Debug|Any CPU.Build.0 = Debug|Any CPU
		{D5D46BAD-32CC-4804-956F-D48657452D6F}.Release|Any CPU.ActiveCfg = Release|Any CPU
		{D5D46BAD-32CC-4804-956F-D48657452D6F}.Release|Any CPU.Build.0 = Release|Any CPU
	EndGlobalSection
	GlobalSection(SolutionProperties) = preSolution
		HideSolutionNode = FALSE
	EndGlobalSection
	GlobalSection(ExtensibilityGlobals) = postSolution
		SolutionGuid = {CFC29D2B-99EE-46D8-B413-5609C087D105}
	EndGlobalSection
EndGlobal
