
Microsoft Visual Studio Solution File, Format Version 12.00
# Visual Studio Version 17
VisualStudioVersion = 17.5.33502.453
MinimumVisualStudioVersion = 10.0.40219.1
Project("{FAE04EC0-301F-11D3-BF4B-00C04F79EFBC}") = "ClassOrder", "ClassOrder\ClassOrder.csproj", "{8D9C5892-B811-4D91-AB10-CD2B6ADEDABB}"
EndProject
Global
	GlobalSection(SolutionConfigurationPlatforms) = preSolution
		Debug|Any CPU = Debug|Any CPU
		Release|Any CPU = Release|Any CPU
	EndGlobalSection
	GlobalSection(ProjectConfigurationPlatforms) = postSolution
		{8D9C5892-B811-4D91-AB10-CD2B6ADEDABB}.Debug|Any CPU.ActiveCfg = Debug|Any CPU
		{8D9C5892-B811-4D91-AB10-CD2B6ADEDABB}.Debug|Any CPU.Build.0 = Debug|Any CPU
		{8D9C5892-B811-4D91-AB10-CD2B6ADEDABB}.Release|Any CPU.ActiveCfg = Release|Any CPU
		{8D9C5892-B811-4D91-AB10-CD2B6ADEDABB}.Release|Any CPU.Build.0 = Release|Any CPU
	EndGlobalSection
	GlobalSection(SolutionProperties) = preSolution
		HideSolutionNode = FALSE
	EndGlobalSection
	GlobalSection(ExtensibilityGlobals) = postSolution
		SolutionGuid = {4C4DF3E0-BE14-4FD2-83F0-624E18C3A31D}
	EndGlobalSection
EndGlobal
