
Microsoft Visual Studio Solution File, Format Version 12.00
# Visual Studio Version 17
VisualStudioVersion = 17.5.33502.453
MinimumVisualStudioVersion = 10.0.40219.1
Project("{FAE04EC0-301F-11D3-BF4B-00C04F79EFBC}") = "PercentageMethod", "PercentageMethod\PercentageMethod.csproj", "{71ABF067-C5EC-4E1D-87BE-3FE7B85FBBC6}"
EndProject
Global
	GlobalSection(SolutionConfigurationPlatforms) = preSolution
		Debug|Any CPU = Debug|Any CPU
		Release|Any CPU = Release|Any CPU
	EndGlobalSection
	GlobalSection(ProjectConfigurationPlatforms) = postSolution
		{71ABF067-C5EC-4E1D-87BE-3FE7B85FBBC6}.Debug|Any CPU.ActiveCfg = Debug|Any CPU
		{71ABF067-C5EC-4E1D-87BE-3FE7B85FBBC6}.Debug|Any CPU.Build.0 = Debug|Any CPU
		{71ABF067-C5EC-4E1D-87BE-3FE7B85FBBC6}.Release|Any CPU.ActiveCfg = Release|Any CPU
		{71ABF067-C5EC-4E1D-87BE-3FE7B85FBBC6}.Release|Any CPU.Build.0 = Release|Any CPU
	EndGlobalSection
	GlobalSection(SolutionProperties) = preSolution
		HideSolutionNode = FALSE
	EndGlobalSection
	GlobalSection(ExtensibilityGlobals) = postSolution
		SolutionGuid = {91B89439-FC19-4C97-8A01-C5351874D502}
	EndGlobalSection
EndGlobal
