
Microsoft Visual Studio Solution File, Format Version 12.00
# Visual Studio Version 17
VisualStudioVersion = 17.5.33502.453
MinimumVisualStudioVersion = 10.0.40219.1
Project("{FAE04EC0-301F-11D3-BF4B-00C04F79EFBC}") = "numberPttern", "numberPttern\numberPttern.csproj", "{9683645B-5AB9-4BD7-9F30-FBA0CAB98E34}"
EndProject
Global
	GlobalSection(SolutionConfigurationPlatforms) = preSolution
		Debug|Any CPU = Debug|Any CPU
		Release|Any CPU = Release|Any CPU
	EndGlobalSection
	GlobalSection(ProjectConfigurationPlatforms) = postSolution
		{9683645B-5AB9-4BD7-9F30-FBA0CAB98E34}.Debug|Any CPU.ActiveCfg = Debug|Any CPU
		{9683645B-5AB9-4BD7-9F30-FBA0CAB98E34}.Debug|Any CPU.Build.0 = Debug|Any CPU
		{9683645B-5AB9-4BD7-9F30-FBA0CAB98E34}.Release|Any CPU.ActiveCfg = Release|Any CPU
		{9683645B-5AB9-4BD7-9F30-FBA0CAB98E34}.Release|Any CPU.Build.0 = Release|Any CPU
	EndGlobalSection
	GlobalSection(SolutionProperties) = preSolution
		HideSolutionNode = FALSE
	EndGlobalSection
	GlobalSection(ExtensibilityGlobals) = postSolution
		SolutionGuid = {178EC52A-EF9F-4D3C-B4DE-662D8FDFBCB6}
	EndGlobalSection
EndGlobal
