
Microsoft Visual Studio Solution File, Format Version 12.00
# Visual Studio Version 17
VisualStudioVersion = 17.5.33502.453
MinimumVisualStudioVersion = 10.0.40219.1
Project("{FAE04EC0-301F-11D3-BF4B-00C04F79EFBC}") = "SingleLevelInheritance_Employee", "SingleLevelInheritance_Employee\SingleLevelInheritance_Employee.csproj", "{E612DB59-E0C5-4567-8CDF-37B99DD07ADB}"
EndProject
Global
	GlobalSection(SolutionConfigurationPlatforms) = preSolution
		Debug|Any CPU = Debug|Any CPU
		Release|Any CPU = Release|Any CPU
	EndGlobalSection
	GlobalSection(ProjectConfigurationPlatforms) = postSolution
		{E612DB59-E0C5-4567-8CDF-37B99DD07ADB}.Debug|Any CPU.ActiveCfg = Debug|Any CPU
		{E612DB59-E0C5-4567-8CDF-37B99DD07ADB}.Debug|Any CPU.Build.0 = Debug|Any CPU
		{E612DB59-E0C5-4567-8CDF-37B99DD07ADB}.Release|Any CPU.ActiveCfg = Release|Any CPU
		{E612DB59-E0C5-4567-8CDF-37B99DD07ADB}.Release|Any CPU.Build.0 = Release|Any CPU
	EndGlobalSection
	GlobalSection(SolutionProperties) = preSolution
		HideSolutionNode = FALSE
	EndGlobalSection
	GlobalSection(ExtensibilityGlobals) = postSolution
		SolutionGuid = {32F98621-0207-4CE4-8688-92F5F3E13420}
	EndGlobalSection
EndGlobal
