
Microsoft Visual Studio Solution File, Format Version 12.00
# Visual Studio Version 17
VisualStudioVersion = 17.6.33723.286
MinimumVisualStudioVersion = 10.0.40219.1
Project("{FAE04EC0-301F-11D3-BF4B-00C04F79EFBC}") = "ConnectionEstablish1", "ConnectionEstablish1\ConnectionEstablish1.csproj", "{6E05385F-D5FD-4967-BAFC-EAE2BC7A2F2B}"
EndProject
Global
	GlobalSection(SolutionConfigurationPlatforms) = preSolution
		Debug|Any CPU = Debug|Any CPU
		Release|Any CPU = Release|Any CPU
	EndGlobalSection
	GlobalSection(ProjectConfigurationPlatforms) = postSolution
		{6E05385F-D5FD-4967-BAFC-EAE2BC7A2F2B}.Debug|Any CPU.ActiveCfg = Debug|Any CPU
		{6E05385F-D5FD-4967-BAFC-EAE2BC7A2F2B}.Debug|Any CPU.Build.0 = Debug|Any CPU
		{6E05385F-D5FD-4967-BAFC-EAE2BC7A2F2B}.Release|Any CPU.ActiveCfg = Release|Any CPU
		{6E05385F-D5FD-4967-BAFC-EAE2BC7A2F2B}.Release|Any CPU.Build.0 = Release|Any CPU
	EndGlobalSection
	GlobalSection(SolutionProperties) = preSolution
		HideSolutionNode = FALSE
	EndGlobalSection
	GlobalSection(ExtensibilityGlobals) = postSolution
		SolutionGuid = {76B2BBB4-9289-40F0-9C23-71CB30E29FCB}
	EndGlobalSection
EndGlobal
