
Microsoft Visual Studio Solution File, Format Version 12.00
# Visual Studio Version 17
VisualStudioVersion = 17.5.33502.453
MinimumVisualStudioVersion = 10.0.40219.1
Project("{FAE04EC0-301F-11D3-BF4B-00C04F79EFBC}") = "uniquestringinArray", "uniquestringinArray\uniquestringinArray.csproj", "{C9918722-BFA5-4467-B734-25D09230EF98}"
EndProject
Global
	GlobalSection(SolutionConfigurationPlatforms) = preSolution
		Debug|Any CPU = Debug|Any CPU
		Release|Any CPU = Release|Any CPU
	EndGlobalSection
	GlobalSection(ProjectConfigurationPlatforms) = postSolution
		{C9918722-BFA5-4467-B734-25D09230EF98}.Debug|Any CPU.ActiveCfg = Debug|Any CPU
		{C9918722-BFA5-4467-B734-25D09230EF98}.Debug|Any CPU.Build.0 = Debug|Any CPU
		{C9918722-BFA5-4467-B734-25D09230EF98}.Release|Any CPU.ActiveCfg = Release|Any CPU
		{C9918722-BFA5-4467-B734-25D09230EF98}.Release|Any CPU.Build.0 = Release|Any CPU
	EndGlobalSection
	GlobalSection(SolutionProperties) = preSolution
		HideSolutionNode = FALSE
	EndGlobalSection
	GlobalSection(ExtensibilityGlobals) = postSolution
		SolutionGuid = {7D105CAB-6778-4A6D-8382-261F96FA07C6}
	EndGlobalSection
EndGlobal
