
Microsoft Visual Studio Solution File, Format Version 12.00
# Visual Studio Version 17
VisualStudioVersion = 17.5.33502.453
MinimumVisualStudioVersion = 10.0.40219.1
Project("{FAE04EC0-301F-11D3-BF4B-00C04F79EFBC}") = "AccountDetails", "AccountDetails\AccountDetails.csproj", "{F498B73F-A92A-4A4E-ADBF-D78FA242D952}"
EndProject
Global
	GlobalSection(SolutionConfigurationPlatforms) = preSolution
		Debug|Any CPU = Debug|Any CPU
		Release|Any CPU = Release|Any CPU
	EndGlobalSection
	GlobalSection(ProjectConfigurationPlatforms) = postSolution
		{F498B73F-A92A-4A4E-ADBF-D78FA242D952}.Debug|Any CPU.ActiveCfg = Debug|Any CPU
		{F498B73F-A92A-4A4E-ADBF-D78FA242D952}.Debug|Any CPU.Build.0 = Debug|Any CPU
		{F498B73F-A92A-4A4E-ADBF-D78FA242D952}.Release|Any CPU.ActiveCfg = Release|Any CPU
		{F498B73F-A92A-4A4E-ADBF-D78FA242D952}.Release|Any CPU.Build.0 = Release|Any CPU
	EndGlobalSection
	GlobalSection(SolutionProperties) = preSolution
		HideSolutionNode = FALSE
	EndGlobalSection
	GlobalSection(ExtensibilityGlobals) = postSolution
		SolutionGuid = {11B556DB-CE68-43C3-9565-BD57200AC6DB}
	EndGlobalSection
EndGlobal
