
Microsoft Visual Studio Solution File, Format Version 12.00
# Visual Studio Version 17
VisualStudioVersion = 17.5.33502.453
MinimumVisualStudioVersion = 10.0.40219.1
Project("{FAE04EC0-301F-11D3-BF4B-00C04F79EFBC}") = "arrayInt", "arrayInt\arrayInt.csproj", "{A51A60AE-8FC8-4C43-BB7F-EB27F96B17D9}"
EndProject
Global
	GlobalSection(SolutionConfigurationPlatforms) = preSolution
		Debug|Any CPU = Debug|Any CPU
		Release|Any CPU = Release|Any CPU
	EndGlobalSection
	GlobalSection(ProjectConfigurationPlatforms) = postSolution
		{A51A60AE-8FC8-4C43-BB7F-EB27F96B17D9}.Debug|Any CPU.ActiveCfg = Debug|Any CPU
		{A51A60AE-8FC8-4C43-BB7F-EB27F96B17D9}.Debug|Any CPU.Build.0 = Debug|Any CPU
		{A51A60AE-8FC8-4C43-BB7F-EB27F96B17D9}.Release|Any CPU.ActiveCfg = Release|Any CPU
		{A51A60AE-8FC8-4C43-BB7F-EB27F96B17D9}.Release|Any CPU.Build.0 = Release|Any CPU
	EndGlobalSection
	GlobalSection(SolutionProperties) = preSolution
		HideSolutionNode = FALSE
	EndGlobalSection
	GlobalSection(ExtensibilityGlobals) = postSolution
		SolutionGuid = {B52BF306-CF36-4E85-9157-228D74645D89}
	EndGlobalSection
EndGlobal
