
Microsoft Visual Studio Solution File, Format Version 12.00
# Visual Studio Version 17
VisualStudioVersion = 17.5.33502.453
MinimumVisualStudioVersion = 10.0.40219.1
Project("{FAE04EC0-301F-11D3-BF4B-00C04F79EFBC}") = "Operator", "Operator\Operator.csproj", "{AAC27962-3956-41D7-9FC5-4D9CE23DC1B3}"
EndProject
Global
	GlobalSection(SolutionConfigurationPlatforms) = preSolution
		Debug|Any CPU = Debug|Any CPU
		Release|Any CPU = Release|Any CPU
	EndGlobalSection
	GlobalSection(ProjectConfigurationPlatforms) = postSolution
		{AAC27962-3956-41D7-9FC5-4D9CE23DC1B3}.Debug|Any CPU.ActiveCfg = Debug|Any CPU
		{AAC27962-3956-41D7-9FC5-4D9CE23DC1B3}.Debug|Any CPU.Build.0 = Debug|Any CPU
		{AAC27962-3956-41D7-9FC5-4D9CE23DC1B3}.Release|Any CPU.ActiveCfg = Release|Any CPU
		{AAC27962-3956-41D7-9FC5-4D9CE23DC1B3}.Release|Any CPU.Build.0 = Release|Any CPU
	EndGlobalSection
	GlobalSection(SolutionProperties) = preSolution
		HideSolutionNode = FALSE
	EndGlobalSection
	GlobalSection(ExtensibilityGlobals) = postSolution
		SolutionGuid = {39531506-A13C-4649-B9B9-637340EAF731}
	EndGlobalSection
EndGlobal
