
Microsoft Visual Studio Solution File, Format Version 12.00
# Visual Studio Version 17
VisualStudioVersion = 17.5.33502.453
MinimumVisualStudioVersion = 10.0.40219.1
Project("{FAE04EC0-301F-11D3-BF4B-00C04F79EFBC}") = "CustomerClass", "CustomerClass\CustomerClass.csproj", "{F47A6D1F-4A46-450C-8EC5-35DFDE369FEB}"
EndProject
Global
	GlobalSection(SolutionConfigurationPlatforms) = preSolution
		Debug|Any CPU = Debug|Any CPU
		Release|Any CPU = Release|Any CPU
	EndGlobalSection
	GlobalSection(ProjectConfigurationPlatforms) = postSolution
		{F47A6D1F-4A46-450C-8EC5-35DFDE369FEB}.Debug|Any CPU.ActiveCfg = Debug|Any CPU
		{F47A6D1F-4A46-450C-8EC5-35DFDE369FEB}.Debug|Any CPU.Build.0 = Debug|Any CPU
		{F47A6D1F-4A46-450C-8EC5-35DFDE369FEB}.Release|Any CPU.ActiveCfg = Release|Any CPU
		{F47A6D1F-4A46-450C-8EC5-35DFDE369FEB}.Release|Any CPU.Build.0 = Release|Any CPU
	EndGlobalSection
	GlobalSection(SolutionProperties) = preSolution
		HideSolutionNode = FALSE
	EndGlobalSection
	GlobalSection(ExtensibilityGlobals) = postSolution
		SolutionGuid = {4FFC332D-2398-40EF-89ED-73E27FF2974A}
	EndGlobalSection
EndGlobal
