
Microsoft Visual Studio Solution File, Format Version 12.00
# Visual Studio Version 17
VisualStudioVersion = 17.5.33502.453
MinimumVisualStudioVersion = 10.0.40219.1
Project("{FAE04EC0-301F-11D3-BF4B-00C04F79EFBC}") = "WinFormsAppLoginPage", "WinFormsAppLoginPage\WinFormsAppLoginPage.csproj", "{26EA4541-CA0D-4267-81DA-22317A56696C}"
EndProject
Global
	GlobalSection(SolutionConfigurationPlatforms) = preSolution
		Debug|Any CPU = Debug|Any CPU
		Release|Any CPU = Release|Any CPU
	EndGlobalSection
	GlobalSection(ProjectConfigurationPlatforms) = postSolution
		{26EA4541-CA0D-4267-81DA-22317A56696C}.Debug|Any CPU.ActiveCfg = Debug|Any CPU
		{26EA4541-CA0D-4267-81DA-22317A56696C}.Debug|Any CPU.Build.0 = Debug|Any CPU
		{26EA4541-CA0D-4267-81DA-22317A56696C}.Release|Any CPU.ActiveCfg = Release|Any CPU
		{26EA4541-CA0D-4267-81DA-22317A56696C}.Release|Any CPU.Build.0 = Release|Any CPU
	EndGlobalSection
	GlobalSection(SolutionProperties) = preSolution
		HideSolutionNode = FALSE
	EndGlobalSection
	GlobalSection(ExtensibilityGlobals) = postSolution
		SolutionGuid = {4F02BE68-870B-4589-96DF-2CE06B2D7D6E}
	EndGlobalSection
EndGlobal
