
Microsoft Visual Studio Solution File, Format Version 12.00
# Visual Studio Version 17
VisualStudioVersion = 17.5.33502.453
MinimumVisualStudioVersion = 10.0.40219.1
Project("{FAE04EC0-301F-11D3-BF4B-00C04F79EFBC}") = "Account_Form_RuntimePolymorphism", "Account_Form_RuntimePolymorphism\Account_Form_RuntimePolymorphism.csproj", "{365130F2-F13E-45A1-AC7B-96E0E42C16F7}"
EndProject
Global
	GlobalSection(SolutionConfigurationPlatforms) = preSolution
		Debug|Any CPU = Debug|Any CPU
		Release|Any CPU = Release|Any CPU
	EndGlobalSection
	GlobalSection(ProjectConfigurationPlatforms) = postSolution
		{365130F2-F13E-45A1-AC7B-96E0E42C16F7}.Debug|Any CPU.ActiveCfg = Debug|Any CPU
		{365130F2-F13E-45A1-AC7B-96E0E42C16F7}.Debug|Any CPU.Build.0 = Debug|Any CPU
		{365130F2-F13E-45A1-AC7B-96E0E42C16F7}.Release|Any CPU.ActiveCfg = Release|Any CPU
		{365130F2-F13E-45A1-AC7B-96E0E42C16F7}.Release|Any CPU.Build.0 = Release|Any CPU
	EndGlobalSection
	GlobalSection(SolutionProperties) = preSolution
		HideSolutionNode = FALSE
	EndGlobalSection
	GlobalSection(ExtensibilityGlobals) = postSolution
		SolutionGuid = {913C3741-28EA-4B94-835E-F956D14C2ACB}
	EndGlobalSection
EndGlobal
