
Microsoft Visual Studio Solution File, Format Version 12.00
# Visual Studio Version 17
VisualStudioVersion = 17.6.33723.286
MinimumVisualStudioVersion = 10.0.40219.1
Project("{FAE04EC0-301F-11D3-BF4B-00C04F79EFBC}") = "WinFormsApp1", "WinFormsApp1\WinFormsApp1.csproj", "{84486826-312D-42D3-88D6-FD3F1EE2F88A}"
EndProject
Global
	GlobalSection(SolutionConfigurationPlatforms) = preSolution
		Debug|Any CPU = Debug|Any CPU
		Release|Any CPU = Release|Any CPU
	EndGlobalSection
	GlobalSection(ProjectConfigurationPlatforms) = postSolution
		{84486826-312D-42D3-88D6-FD3F1EE2F88A}.Debug|Any CPU.ActiveCfg = Debug|Any CPU
		{84486826-312D-42D3-88D6-FD3F1EE2F88A}.Debug|Any CPU.Build.0 = Debug|Any CPU
		{84486826-312D-42D3-88D6-FD3F1EE2F88A}.Release|Any CPU.ActiveCfg = Release|Any CPU
		{84486826-312D-42D3-88D6-FD3F1EE2F88A}.Release|Any CPU.Build.0 = Release|Any CPU
	EndGlobalSection
	GlobalSection(SolutionProperties) = preSolution
		HideSolutionNode = FALSE
	EndGlobalSection
	GlobalSection(ExtensibilityGlobals) = postSolution
		SolutionGuid = {1E1A98F3-D2D6-4E9C-9F61-6FD6C956395A}
	EndGlobalSection
EndGlobal
