
Microsoft Visual Studio Solution File, Format Version 12.00
# Visual Studio Version 17
VisualStudioVersion = 17.5.33502.453
MinimumVisualStudioVersion = 10.0.40219.1
Project("{FAE04EC0-301F-11D3-BF4B-00C04F79EFBC}") = "AccountFormClass", "AccountFormClass\AccountFormClass.csproj", "{5FCBBE3F-737A-4249-885F-9C8A2537A86E}"
EndProject
Global
	GlobalSection(SolutionConfigurationPlatforms) = preSolution
		Debug|Any CPU = Debug|Any CPU
		Release|Any CPU = Release|Any CPU
	EndGlobalSection
	GlobalSection(ProjectConfigurationPlatforms) = postSolution
		{5FCBBE3F-737A-4249-885F-9C8A2537A86E}.Debug|Any CPU.ActiveCfg = Debug|Any CPU
		{5FCBBE3F-737A-4249-885F-9C8A2537A86E}.Debug|Any CPU.Build.0 = Debug|Any CPU
		{5FCBBE3F-737A-4249-885F-9C8A2537A86E}.Release|Any CPU.ActiveCfg = Release|Any CPU
		{5FCBBE3F-737A-4249-885F-9C8A2537A86E}.Release|Any CPU.Build.0 = Release|Any CPU
	EndGlobalSection
	GlobalSection(SolutionProperties) = preSolution
		HideSolutionNode = FALSE
	EndGlobalSection
	GlobalSection(ExtensibilityGlobals) = postSolution
		SolutionGuid = {EBD4FD1E-78D0-46FC-8469-25CA5B2568CA}
	EndGlobalSection
EndGlobal
