
Microsoft Visual Studio Solution File, Format Version 12.00
# Visual Studio Version 17
VisualStudioVersion = 17.5.33502.453
MinimumVisualStudioVersion = 10.0.40219.1
Project("{FAE04EC0-301F-11D3-BF4B-00C04F79EFBC}") = "isPrime", "isPrime\isPrime.csproj", "{D501AA38-7A56-4C8D-8AD2-DB206E8F47A0}"
EndProject
Global
	GlobalSection(SolutionConfigurationPlatforms) = preSolution
		Debug|Any CPU = Debug|Any CPU
		Release|Any CPU = Release|Any CPU
	EndGlobalSection
	GlobalSection(ProjectConfigurationPlatforms) = postSolution
		{D501AA38-7A56-4C8D-8AD2-DB206E8F47A0}.Debug|Any CPU.ActiveCfg = Debug|Any CPU
		{D501AA38-7A56-4C8D-8AD2-DB206E8F47A0}.Debug|Any CPU.Build.0 = Debug|Any CPU
		{D501AA38-7A56-4C8D-8AD2-DB206E8F47A0}.Release|Any CPU.ActiveCfg = Release|Any CPU
		{D501AA38-7A56-4C8D-8AD2-DB206E8F47A0}.Release|Any CPU.Build.0 = Release|Any CPU
	EndGlobalSection
	GlobalSection(SolutionProperties) = preSolution
		HideSolutionNode = FALSE
	EndGlobalSection
	GlobalSection(ExtensibilityGlobals) = postSolution
		SolutionGuid = {2DD1E8D0-2EC8-4A34-96C7-31F3FC23363A}
	EndGlobalSection
EndGlobal
