
Microsoft Visual Studio Solution File, Format Version 12.00
# Visual Studio Version 17
VisualStudioVersion = 17.5.33502.453
MinimumVisualStudioVersion = 10.0.40219.1
Project("{FAE04EC0-301F-11D3-BF4B-00C04F79EFBC}") = "BinarySearch", "BinarySearch\BinarySearch.csproj", "{7C910F4A-1B45-4942-ADF8-7F35C900A8DB}"
EndProject
Global
	GlobalSection(SolutionConfigurationPlatforms) = preSolution
		Debug|Any CPU = Debug|Any CPU
		Release|Any CPU = Release|Any CPU
	EndGlobalSection
	GlobalSection(ProjectConfigurationPlatforms) = postSolution
		{7C910F4A-1B45-4942-ADF8-7F35C900A8DB}.Debug|Any CPU.ActiveCfg = Debug|Any CPU
		{7C910F4A-1B45-4942-ADF8-7F35C900A8DB}.Debug|Any CPU.Build.0 = Debug|Any CPU
		{7C910F4A-1B45-4942-ADF8-7F35C900A8DB}.Release|Any CPU.ActiveCfg = Release|Any CPU
		{7C910F4A-1B45-4942-ADF8-7F35C900A8DB}.Release|Any CPU.Build.0 = Release|Any CPU
	EndGlobalSection
	GlobalSection(SolutionProperties) = preSolution
		HideSolutionNode = FALSE
	EndGlobalSection
	GlobalSection(ExtensibilityGlobals) = postSolution
		SolutionGuid = {705A07DD-0D41-478D-87B7-449FDB9A7769}
	EndGlobalSection
EndGlobal
