
Microsoft Visual Studio Solution File, Format Version 12.00
# Visual Studio Version 17
VisualStudioVersion = 17.5.33502.453
MinimumVisualStudioVersion = 10.0.40219.1
Project("{FAE04EC0-301F-11D3-BF4B-00C04F79EFBC}") = "ClassCreate", "ClassCreate\ClassCreate.csproj", "{14BFB313-C6E6-4B1A-8222-ABBF31F4C006}"
EndProject
Global
	GlobalSection(SolutionConfigurationPlatforms) = preSolution
		Debug|Any CPU = Debug|Any CPU
		Release|Any CPU = Release|Any CPU
	EndGlobalSection
	GlobalSection(ProjectConfigurationPlatforms) = postSolution
		{14BFB313-C6E6-4B1A-8222-ABBF31F4C006}.Debug|Any CPU.ActiveCfg = Debug|Any CPU
		{14BFB313-C6E6-4B1A-8222-ABBF31F4C006}.Debug|Any CPU.Build.0 = Debug|Any CPU
		{14BFB313-C6E6-4B1A-8222-ABBF31F4C006}.Release|Any CPU.ActiveCfg = Release|Any CPU
		{14BFB313-C6E6-4B1A-8222-ABBF31F4C006}.Release|Any CPU.Build.0 = Release|Any CPU
	EndGlobalSection
	GlobalSection(SolutionProperties) = preSolution
		HideSolutionNode = FALSE
	EndGlobalSection
	GlobalSection(ExtensibilityGlobals) = postSolution
		SolutionGuid = {3A0760F8-4981-4502-AEB5-EB0B6439572A}
	EndGlobalSection
EndGlobal
