
Microsoft Visual Studio Solution File, Format Version 12.00
# Visual Studio Version 17
VisualStudioVersion = 17.5.33502.453
MinimumVisualStudioVersion = 10.0.40219.1
Project("{FAE04EC0-301F-11D3-BF4B-00C04F79EFBC}") = "carClass", "carClass\carClass.csproj", "{31A31807-571D-492D-9830-74F03672D9D5}"
EndProject
Global
	GlobalSection(SolutionConfigurationPlatforms) = preSolution
		Debug|Any CPU = Debug|Any CPU
		Release|Any CPU = Release|Any CPU
	EndGlobalSection
	GlobalSection(ProjectConfigurationPlatforms) = postSolution
		{31A31807-571D-492D-9830-74F03672D9D5}.Debug|Any CPU.ActiveCfg = Debug|Any CPU
		{31A31807-571D-492D-9830-74F03672D9D5}.Debug|Any CPU.Build.0 = Debug|Any CPU
		{31A31807-571D-492D-9830-74F03672D9D5}.Release|Any CPU.ActiveCfg = Release|Any CPU
		{31A31807-571D-492D-9830-74F03672D9D5}.Release|Any CPU.Build.0 = Release|Any CPU
	EndGlobalSection
	GlobalSection(SolutionProperties) = preSolution
		HideSolutionNode = FALSE
	EndGlobalSection
	GlobalSection(ExtensibilityGlobals) = postSolution
		SolutionGuid = {16B91FA3-B0FF-41B1-9E5E-98F8401A3F0A}
	EndGlobalSection
EndGlobal
