
Microsoft Visual Studio Solution File, Format Version 12.00
# Visual Studio Version 17
VisualStudioVersion = 17.6.33723.286
MinimumVisualStudioVersion = 10.0.40219.1
Project("{FAE04EC0-301F-11D3-BF4B-00C04F79EFBC}") = "RegistrationForm", "RegistrationForm\RegistrationForm.csproj", "{032992B8-CD34-484A-AA93-A5B0A7CA64BF}"
EndProject
Global
	GlobalSection(SolutionConfigurationPlatforms) = preSolution
		Debug|Any CPU = Debug|Any CPU
		Release|Any CPU = Release|Any CPU
	EndGlobalSection
	GlobalSection(ProjectConfigurationPlatforms) = postSolution
		{032992B8-CD34-484A-AA93-A5B0A7CA64BF}.Debug|Any CPU.ActiveCfg = Debug|Any CPU
		{032992B8-CD34-484A-AA93-A5B0A7CA64BF}.Debug|Any CPU.Build.0 = Debug|Any CPU
		{032992B8-CD34-484A-AA93-A5B0A7CA64BF}.Release|Any CPU.ActiveCfg = Release|Any CPU
		{032992B8-CD34-484A-AA93-A5B0A7CA64BF}.Release|Any CPU.Build.0 = Release|Any CPU
	EndGlobalSection
	GlobalSection(SolutionProperties) = preSolution
		HideSolutionNode = FALSE
	EndGlobalSection
	GlobalSection(ExtensibilityGlobals) = postSolution
		SolutionGuid = {FA0CEA53-B185-4C5A-8C05-780F96227706}
	EndGlobalSection
EndGlobal
