
Microsoft Visual Studio Solution File, Format Version 12.00
# Visual Studio Version 17
VisualStudioVersion = 17.5.33502.453
MinimumVisualStudioVersion = 10.0.40219.1
Project("{FAE04EC0-301F-11D3-BF4B-00C04F79EFBC}") = "stringLength", "stringLength\stringLength.csproj", "{DFD400F5-8E73-4A56-BF71-6FD89D5C4259}"
EndProject
Global
	GlobalSection(SolutionConfigurationPlatforms) = preSolution
		Debug|Any CPU = Debug|Any CPU
		Release|Any CPU = Release|Any CPU
	EndGlobalSection
	GlobalSection(ProjectConfigurationPlatforms) = postSolution
		{DFD400F5-8E73-4A56-BF71-6FD89D5C4259}.Debug|Any CPU.ActiveCfg = Debug|Any CPU
		{DFD400F5-8E73-4A56-BF71-6FD89D5C4259}.Debug|Any CPU.Build.0 = Debug|Any CPU
		{DFD400F5-8E73-4A56-BF71-6FD89D5C4259}.Release|Any CPU.ActiveCfg = Release|Any CPU
		{DFD400F5-8E73-4A56-BF71-6FD89D5C4259}.Release|Any CPU.Build.0 = Release|Any CPU
	EndGlobalSection
	GlobalSection(SolutionProperties) = preSolution
		HideSolutionNode = FALSE
	EndGlobalSection
	GlobalSection(ExtensibilityGlobals) = postSolution
		SolutionGuid = {EDB04B01-8472-47D7-93C5-9D69930DBD9B}
	EndGlobalSection
EndGlobal
