
Microsoft Visual Studio Solution File, Format Version 12.00
# Visual Studio Version 17
VisualStudioVersion = 17.5.33502.453
MinimumVisualStudioVersion = 10.0.40219.1
Project("{FAE04EC0-301F-11D3-BF4B-00C04F79EFBC}") = "AsusStores", "AsusStores\AsusStores.csproj", "{D9A9FB0A-3C4F-4DAD-80A9-F4C7292C6358}"
EndProject
Global
	GlobalSection(SolutionConfigurationPlatforms) = preSolution
		Debug|Any CPU = Debug|Any CPU
		Release|Any CPU = Release|Any CPU
	EndGlobalSection
	GlobalSection(ProjectConfigurationPlatforms) = postSolution
		{D9A9FB0A-3C4F-4DAD-80A9-F4C7292C6358}.Debug|Any CPU.ActiveCfg = Debug|Any CPU
		{D9A9FB0A-3C4F-4DAD-80A9-F4C7292C6358}.Debug|Any CPU.Build.0 = Debug|Any CPU
		{D9A9FB0A-3C4F-4DAD-80A9-F4C7292C6358}.Release|Any CPU.ActiveCfg = Release|Any CPU
		{D9A9FB0A-3C4F-4DAD-80A9-F4C7292C6358}.Release|Any CPU.Build.0 = Release|Any CPU
	EndGlobalSection
	GlobalSection(SolutionProperties) = preSolution
		HideSolutionNode = FALSE
	EndGlobalSection
	GlobalSection(ExtensibilityGlobals) = postSolution
		SolutionGuid = {6531D199-D3EB-4642-B3D3-4B57EC449A88}
	EndGlobalSection
EndGlobal
