
Microsoft Visual Studio Solution File, Format Version 12.00
# Visual Studio Version 17
VisualStudioVersion = 17.5.33502.453
MinimumVisualStudioVersion = 10.0.40219.1
Project("{FAE04EC0-301F-11D3-BF4B-00C04F79EFBC}") = "rankLength", "rankLength\rankLength.csproj", "{C61CA724-DCC1-4FA0-9785-8099C15E89B2}"
EndProject
Global
	GlobalSection(SolutionConfigurationPlatforms) = preSolution
		Debug|Any CPU = Debug|Any CPU
		Release|Any CPU = Release|Any CPU
	EndGlobalSection
	GlobalSection(ProjectConfigurationPlatforms) = postSolution
		{C61CA724-DCC1-4FA0-9785-8099C15E89B2}.Debug|Any CPU.ActiveCfg = Debug|Any CPU
		{C61CA724-DCC1-4FA0-9785-8099C15E89B2}.Debug|Any CPU.Build.0 = Debug|Any CPU
		{C61CA724-DCC1-4FA0-9785-8099C15E89B2}.Release|Any CPU.ActiveCfg = Release|Any CPU
		{C61CA724-DCC1-4FA0-9785-8099C15E89B2}.Release|Any CPU.Build.0 = Release|Any CPU
	EndGlobalSection
	GlobalSection(SolutionProperties) = preSolution
		HideSolutionNode = FALSE
	EndGlobalSection
	GlobalSection(ExtensibilityGlobals) = postSolution
		SolutionGuid = {1E507191-3085-461F-A310-7E7A29252E7B}
	EndGlobalSection
EndGlobal
