
Microsoft Visual Studio Solution File, Format Version 12.00
# Visual Studio Version 17
VisualStudioVersion = 17.6.33723.286
MinimumVisualStudioVersion = 10.0.40219.1
Project("{FAE04EC0-301F-11D3-BF4B-00C04F79EFBC}") = "ConnectionEstablish", "ConnectionEstablish\ConnectionEstablish.csproj", "{8B1034FD-6238-4DCD-A571-B0BA96AF9B1D}"
EndProject
Global
	GlobalSection(SolutionConfigurationPlatforms) = preSolution
		Debug|Any CPU = Debug|Any CPU
		Release|Any CPU = Release|Any CPU
	EndGlobalSection
	GlobalSection(ProjectConfigurationPlatforms) = postSolution
		{8B1034FD-6238-4DCD-A571-B0BA96AF9B1D}.Debug|Any CPU.ActiveCfg = Debug|Any CPU
		{8B1034FD-6238-4DCD-A571-B0BA96AF9B1D}.Debug|Any CPU.Build.0 = Debug|Any CPU
		{8B1034FD-6238-4DCD-A571-B0BA96AF9B1D}.Release|Any CPU.ActiveCfg = Release|Any CPU
		{8B1034FD-6238-4DCD-A571-B0BA96AF9B1D}.Release|Any CPU.Build.0 = Release|Any CPU
	EndGlobalSection
	GlobalSection(SolutionProperties) = preSolution
		HideSolutionNode = FALSE
	EndGlobalSection
	GlobalSection(ExtensibilityGlobals) = postSolution
		SolutionGuid = {ADF478BB-EF8E-4FD2-8721-B333727BE63C}
	EndGlobalSection
EndGlobal
