
Microsoft Visual Studio Solution File, Format Version 12.00
# Visual Studio Version 17
VisualStudioVersion = 17.5.33502.453
MinimumVisualStudioVersion = 10.0.40219.1
Project("{FAE04EC0-301F-11D3-BF4B-00C04F79EFBC}") = "foreachString", "foreachString\foreachString.csproj", "{DA231DE1-5FF2-434F-AA7D-B53F62C6B8DC}"
EndProject
Global
	GlobalSection(SolutionConfigurationPlatforms) = preSolution
		Debug|Any CPU = Debug|Any CPU
		Release|Any CPU = Release|Any CPU
	EndGlobalSection
	GlobalSection(ProjectConfigurationPlatforms) = postSolution
		{DA231DE1-5FF2-434F-AA7D-B53F62C6B8DC}.Debug|Any CPU.ActiveCfg = Debug|Any CPU
		{DA231DE1-5FF2-434F-AA7D-B53F62C6B8DC}.Debug|Any CPU.Build.0 = Debug|Any CPU
		{DA231DE1-5FF2-434F-AA7D-B53F62C6B8DC}.Release|Any CPU.ActiveCfg = Release|Any CPU
		{DA231DE1-5FF2-434F-AA7D-B53F62C6B8DC}.Release|Any CPU.Build.0 = Release|Any CPU
	EndGlobalSection
	GlobalSection(SolutionProperties) = preSolution
		HideSolutionNode = FALSE
	EndGlobalSection
	GlobalSection(ExtensibilityGlobals) = postSolution
		SolutionGuid = {78EFB4A6-4B46-44B0-8E23-A2D917C731A1}
	EndGlobalSection
EndGlobal
