
Microsoft Visual Studio Solution File, Format Version 12.00
# Visual Studio Version 17
VisualStudioVersion = 17.5.33502.453
MinimumVisualStudioVersion = 10.0.40219.1
Project("{FAE04EC0-301F-11D3-BF4B-00C04F79EFBC}") = "UShortDataTypeProgram", "UShortDataTypeProgram\UShortDataTypeProgram.csproj", "{918C9B9D-777D-4BCC-A7C5-810C4F06356A}"
EndProject
Global
	GlobalSection(SolutionConfigurationPlatforms) = preSolution
		Debug|Any CPU = Debug|Any CPU
		Release|Any CPU = Release|Any CPU
	EndGlobalSection
	GlobalSection(ProjectConfigurationPlatforms) = postSolution
		{918C9B9D-777D-4BCC-A7C5-810C4F06356A}.Debug|Any CPU.ActiveCfg = Debug|Any CPU
		{918C9B9D-777D-4BCC-A7C5-810C4F06356A}.Debug|Any CPU.Build.0 = Debug|Any CPU
		{918C9B9D-777D-4BCC-A7C5-810C4F06356A}.Release|Any CPU.ActiveCfg = Release|Any CPU
		{918C9B9D-777D-4BCC-A7C5-810C4F06356A}.Release|Any CPU.Build.0 = Release|Any CPU
	EndGlobalSection
	GlobalSection(SolutionProperties) = preSolution
		HideSolutionNode = FALSE
	EndGlobalSection
	GlobalSection(ExtensibilityGlobals) = postSolution
		SolutionGuid = {B02C1AD5-FE05-4775-8C5F-CBE605D825FE}
	EndGlobalSection
EndGlobal
