
Microsoft Visual Studio Solution File, Format Version 12.00
# Visual Studio Version 17
VisualStudioVersion = 17.6.33723.286
MinimumVisualStudioVersion = 10.0.40219.1
Project("{FAE04EC0-301F-11D3-BF4B-00C04F79EFBC}") = "StudentDetailsMVC", "StudentDetailsMVC\StudentDetailsMVC.csproj", "{CDB9786B-A0CF-4BF5-828E-5E8EFA015044}"
EndProject
Global
	GlobalSection(SolutionConfigurationPlatforms) = preSolution
		Debug|Any CPU = Debug|Any CPU
		Release|Any CPU = Release|Any CPU
	EndGlobalSection
	GlobalSection(ProjectConfigurationPlatforms) = postSolution
		{CDB9786B-A0CF-4BF5-828E-5E8EFA015044}.Debug|Any CPU.ActiveCfg = Debug|Any CPU
		{CDB9786B-A0CF-4BF5-828E-5E8EFA015044}.Debug|Any CPU.Build.0 = Debug|Any CPU
		{CDB9786B-A0CF-4BF5-828E-5E8EFA015044}.Release|Any CPU.ActiveCfg = Release|Any CPU
		{CDB9786B-A0CF-4BF5-828E-5E8EFA015044}.Release|Any CPU.Build.0 = Release|Any CPU
	EndGlobalSection
	GlobalSection(SolutionProperties) = preSolution
		HideSolutionNode = FALSE
	EndGlobalSection
	GlobalSection(ExtensibilityGlobals) = postSolution
		SolutionGuid = {24885D10-8047-4E77-A72B-34B38AD96AA3}
	EndGlobalSection
EndGlobal
