
Microsoft Visual Studio Solution File, Format Version 12.00
# Visual Studio Version 17
VisualStudioVersion = 17.5.33502.453
MinimumVisualStudioVersion = 10.0.40219.1
Project("{FAE04EC0-301F-11D3-BF4B-00C04F79EFBC}") = "MethodwithParamaeter_withReturnValue", "MethodwithParamaeter_withReturnValue\MethodwithParamaeter_withReturnValue.csproj", "{EFE2D1A6-BF6D-44D0-9D1B-012972D9BD36}"
EndProject
Global
	GlobalSection(SolutionConfigurationPlatforms) = preSolution
		Debug|Any CPU = Debug|Any CPU
		Release|Any CPU = Release|Any CPU
	EndGlobalSection
	GlobalSection(ProjectConfigurationPlatforms) = postSolution
		{EFE2D1A6-BF6D-44D0-9D1B-012972D9BD36}.Debug|Any CPU.ActiveCfg = Debug|Any CPU
		{EFE2D1A6-BF6D-44D0-9D1B-012972D9BD36}.Debug|Any CPU.Build.0 = Debug|Any CPU
		{EFE2D1A6-BF6D-44D0-9D1B-012972D9BD36}.Release|Any CPU.ActiveCfg = Release|Any CPU
		{EFE2D1A6-BF6D-44D0-9D1B-012972D9BD36}.Release|Any CPU.Build.0 = Release|Any CPU
	EndGlobalSection
	GlobalSection(SolutionProperties) = preSolution
		HideSolutionNode = FALSE
	EndGlobalSection
	GlobalSection(ExtensibilityGlobals) = postSolution
		SolutionGuid = {D28490C0-8A60-4E5E-8F16-2F6D3091B9CB}
	EndGlobalSection
EndGlobal
