
Microsoft Visual Studio Solution File, Format Version 12.00
# Visual Studio Version 17
VisualStudioVersion = 17.5.33502.453
MinimumVisualStudioVersion = 10.0.40219.1
Project("{FAE04EC0-301F-11D3-BF4B-00C04F79EFBC}") = "SealedMethod", "SealedMethod\SealedMethod.csproj", "{6C0F0C9C-FFB7-4286-AFFF-11AE8CB786E2}"
EndProject
Global
	GlobalSection(SolutionConfigurationPlatforms) = preSolution
		Debug|Any CPU = Debug|Any CPU
		Release|Any CPU = Release|Any CPU
	EndGlobalSection
	GlobalSection(ProjectConfigurationPlatforms) = postSolution
		{6C0F0C9C-FFB7-4286-AFFF-11AE8CB786E2}.Debug|Any CPU.ActiveCfg = Debug|Any CPU
		{6C0F0C9C-FFB7-4286-AFFF-11AE8CB786E2}.Debug|Any CPU.Build.0 = Debug|Any CPU
		{6C0F0C9C-FFB7-4286-AFFF-11AE8CB786E2}.Release|Any CPU.ActiveCfg = Release|Any CPU
		{6C0F0C9C-FFB7-4286-AFFF-11AE8CB786E2}.Release|Any CPU.Build.0 = Release|Any CPU
	EndGlobalSection
	GlobalSection(SolutionProperties) = preSolution
		HideSolutionNode = FALSE
	EndGlobalSection
	GlobalSection(ExtensibilityGlobals) = postSolution
		SolutionGuid = {24DC0AE4-5B4F-4C13-B962-588F99B7C236}
	EndGlobalSection
EndGlobal
