
Microsoft Visual Studio Solution File, Format Version 12.00
# Visual Studio Version 17
VisualStudioVersion = 17.5.33502.453
MinimumVisualStudioVersion = 10.0.40219.1
Project("{FAE04EC0-301F-11D3-BF4B-00C04F79EFBC}") = "FeildsMethodGetterSetter", "FeildsMethodGetterSetter\FeildsMethodGetterSetter.csproj", "{6271CD63-6FF8-4C15-B268-D85D31D90251}"
EndProject
Global
	GlobalSection(SolutionConfigurationPlatforms) = preSolution
		Debug|Any CPU = Debug|Any CPU
		Release|Any CPU = Release|Any CPU
	EndGlobalSection
	GlobalSection(ProjectConfigurationPlatforms) = postSolution
		{6271CD63-6FF8-4C15-B268-D85D31D90251}.Debug|Any CPU.ActiveCfg = Debug|Any CPU
		{6271CD63-6FF8-4C15-B268-D85D31D90251}.Debug|Any CPU.Build.0 = Debug|Any CPU
		{6271CD63-6FF8-4C15-B268-D85D31D90251}.Release|Any CPU.ActiveCfg = Release|Any CPU
		{6271CD63-6FF8-4C15-B268-D85D31D90251}.Release|Any CPU.Build.0 = Release|Any CPU
	EndGlobalSection
	GlobalSection(SolutionProperties) = preSolution
		HideSolutionNode = FALSE
	EndGlobalSection
	GlobalSection(ExtensibilityGlobals) = postSolution
		SolutionGuid = {61C6EAB7-46CF-4B53-BE3C-4B1B72603C0A}
	EndGlobalSection
EndGlobal
