
Microsoft Visual Studio Solution File, Format Version 12.00
# Visual Studio Version 17
VisualStudioVersion = 17.5.33502.453
MinimumVisualStudioVersion = 10.0.40219.1
Project("{FAE04EC0-301F-11D3-BF4B-00C04F79EFBC}") = "runtimePOLYMORPHISM", "runtimePOLYMORPHISM\runtimePOLYMORPHISM.csproj", "{EAF13591-98F9-411D-8C0B-18E40FEE189F}"
EndProject
Global
	GlobalSection(SolutionConfigurationPlatforms) = preSolution
		Debug|Any CPU = Debug|Any CPU
		Release|Any CPU = Release|Any CPU
	EndGlobalSection
	GlobalSection(ProjectConfigurationPlatforms) = postSolution
		{EAF13591-98F9-411D-8C0B-18E40FEE189F}.Debug|Any CPU.ActiveCfg = Debug|Any CPU
		{EAF13591-98F9-411D-8C0B-18E40FEE189F}.Debug|Any CPU.Build.0 = Debug|Any CPU
		{EAF13591-98F9-411D-8C0B-18E40FEE189F}.Release|Any CPU.ActiveCfg = Release|Any CPU
		{EAF13591-98F9-411D-8C0B-18E40FEE189F}.Release|Any CPU.Build.0 = Release|Any CPU
	EndGlobalSection
	GlobalSection(SolutionProperties) = preSolution
		HideSolutionNode = FALSE
	EndGlobalSection
	GlobalSection(ExtensibilityGlobals) = postSolution
		SolutionGuid = {3865EEFA-FB60-419D-B77C-23E4D8FFD03C}
	EndGlobalSection
EndGlobal
