
Microsoft Visual Studio Solution File, Format Version 12.00
# Visual Studio Version 17
VisualStudioVersion = 17.5.33502.453
MinimumVisualStudioVersion = 10.0.40219.1
Project("{FAE04EC0-301F-11D3-BF4B-00C04F79EFBC}") = "NumberTableMethod", "NumberTableMethod\NumberTableMethod.csproj", "{75B2DCBE-92FE-4E8D-85E7-13A507FC422C}"
EndProject
Global
	GlobalSection(SolutionConfigurationPlatforms) = preSolution
		Debug|Any CPU = Debug|Any CPU
		Release|Any CPU = Release|Any CPU
	EndGlobalSection
	GlobalSection(ProjectConfigurationPlatforms) = postSolution
		{75B2DCBE-92FE-4E8D-85E7-13A507FC422C}.Debug|Any CPU.ActiveCfg = Debug|Any CPU
		{75B2DCBE-92FE-4E8D-85E7-13A507FC422C}.Debug|Any CPU.Build.0 = Debug|Any CPU
		{75B2DCBE-92FE-4E8D-85E7-13A507FC422C}.Release|Any CPU.ActiveCfg = Release|Any CPU
		{75B2DCBE-92FE-4E8D-85E7-13A507FC422C}.Release|Any CPU.Build.0 = Release|Any CPU
	EndGlobalSection
	GlobalSection(SolutionProperties) = preSolution
		HideSolutionNode = FALSE
	EndGlobalSection
	GlobalSection(ExtensibilityGlobals) = postSolution
		SolutionGuid = {756B9B80-B965-4489-A1C8-D1431EDD5F87}
	EndGlobalSection
EndGlobal
