
Microsoft Visual Studio Solution File, Format Version 12.00
# Visual Studio Version 17
VisualStudioVersion = 17.5.33502.453
MinimumVisualStudioVersion = 10.0.40219.1
Project("{FAE04EC0-301F-11D3-BF4B-00C04F79EFBC}") = "CharacterProgram", "CharacterProgram\CharacterProgram.csproj", "{90FA0BD8-0625-4F93-AF35-D8CD462BA858}"
EndProject
Global
	GlobalSection(SolutionConfigurationPlatforms) = preSolution
		Debug|Any CPU = Debug|Any CPU
		Release|Any CPU = Release|Any CPU
	EndGlobalSection
	GlobalSection(ProjectConfigurationPlatforms) = postSolution
		{90FA0BD8-0625-4F93-AF35-D8CD462BA858}.Debug|Any CPU.ActiveCfg = Debug|Any CPU
		{90FA0BD8-0625-4F93-AF35-D8CD462BA858}.Debug|Any CPU.Build.0 = Debug|Any CPU
		{90FA0BD8-0625-4F93-AF35-D8CD462BA858}.Release|Any CPU.ActiveCfg = Release|Any CPU
		{90FA0BD8-0625-4F93-AF35-D8CD462BA858}.Release|Any CPU.Build.0 = Release|Any CPU
	EndGlobalSection
	GlobalSection(SolutionProperties) = preSolution
		HideSolutionNode = FALSE
	EndGlobalSection
	GlobalSection(ExtensibilityGlobals) = postSolution
		SolutionGuid = {AFA55094-24BE-4683-A1CE-E43BDF095975}
	EndGlobalSection
EndGlobal
