
Microsoft Visual Studio Solution File, Format Version 12.00
# Visual Studio Version 17
VisualStudioVersion = 17.5.33502.453
MinimumVisualStudioVersion = 10.0.40219.1
Project("{FAE04EC0-301F-11D3-BF4B-00C04F79EFBC}") = "fibonaaciWhileLoop", "fibonaaciWhileLoop\fibonaaciWhileLoop.csproj", "{422DD441-9695-4A90-935C-ABB5362ABA51}"
EndProject
Global
	GlobalSection(SolutionConfigurationPlatforms) = preSolution
		Debug|Any CPU = Debug|Any CPU
		Release|Any CPU = Release|Any CPU
	EndGlobalSection
	GlobalSection(ProjectConfigurationPlatforms) = postSolution
		{422DD441-9695-4A90-935C-ABB5362ABA51}.Debug|Any CPU.ActiveCfg = Debug|Any CPU
		{422DD441-9695-4A90-935C-ABB5362ABA51}.Debug|Any CPU.Build.0 = Debug|Any CPU
		{422DD441-9695-4A90-935C-ABB5362ABA51}.Release|Any CPU.ActiveCfg = Release|Any CPU
		{422DD441-9695-4A90-935C-ABB5362ABA51}.Release|Any CPU.Build.0 = Release|Any CPU
	EndGlobalSection
	GlobalSection(SolutionProperties) = preSolution
		HideSolutionNode = FALSE
	EndGlobalSection
	GlobalSection(ExtensibilityGlobals) = postSolution
		SolutionGuid = {773030AA-FD2F-444F-B7C3-FAC15F699D3A}
	EndGlobalSection
EndGlobal
