
Microsoft Visual Studio Solution File, Format Version 12.00
# Visual Studio Version 17
VisualStudioVersion = 17.5.33502.453
MinimumVisualStudioVersion = 10.0.40219.1
Project("{FAE04EC0-301F-11D3-BF4B-00C04F79EFBC}") = "MultiplicationOfMatrices", "MultiplicationOfMatrices\MultiplicationOfMatrices.csproj", "{4AB00369-F061-4A45-BB98-BCE6A53376F6}"
EndProject
Global
	GlobalSection(SolutionConfigurationPlatforms) = preSolution
		Debug|Any CPU = Debug|Any CPU
		Release|Any CPU = Release|Any CPU
	EndGlobalSection
	GlobalSection(ProjectConfigurationPlatforms) = postSolution
		{4AB00369-F061-4A45-BB98-BCE6A53376F6}.Debug|Any CPU.ActiveCfg = Debug|Any CPU
		{4AB00369-F061-4A45-BB98-BCE6A53376F6}.Debug|Any CPU.Build.0 = Debug|Any CPU
		{4AB00369-F061-4A45-BB98-BCE6A53376F6}.Release|Any CPU.ActiveCfg = Release|Any CPU
		{4AB00369-F061-4A45-BB98-BCE6A53376F6}.Release|Any CPU.Build.0 = Release|Any CPU
	EndGlobalSection
	GlobalSection(SolutionProperties) = preSolution
		HideSolutionNode = FALSE
	EndGlobalSection
	GlobalSection(ExtensibilityGlobals) = postSolution
		SolutionGuid = {8C09FD1D-32A7-488D-B806-1EAD138BFD29}
	EndGlobalSection
EndGlobal
