
Microsoft Visual Studio Solution File, Format Version 12.00
# Visual Studio Version 17
VisualStudioVersion = 17.5.33502.453
MinimumVisualStudioVersion = 10.0.40219.1
Project("{FAE04EC0-301F-11D3-BF4B-00C04F79EFBC}") = "oneToTen", "oneToTen\oneToTen.csproj", "{6C0E8469-AA08-4354-9338-11F07D4F9B65}"
EndProject
Global
	GlobalSection(SolutionConfigurationPlatforms) = preSolution
		Debug|Any CPU = Debug|Any CPU
		Release|Any CPU = Release|Any CPU
	EndGlobalSection
	GlobalSection(ProjectConfigurationPlatforms) = postSolution
		{6C0E8469-AA08-4354-9338-11F07D4F9B65}.Debug|Any CPU.ActiveCfg = Debug|Any CPU
		{6C0E8469-AA08-4354-9338-11F07D4F9B65}.Debug|Any CPU.Build.0 = Debug|Any CPU
		{6C0E8469-AA08-4354-9338-11F07D4F9B65}.Release|Any CPU.ActiveCfg = Release|Any CPU
		{6C0E8469-AA08-4354-9338-11F07D4F9B65}.Release|Any CPU.Build.0 = Release|Any CPU
	EndGlobalSection
	GlobalSection(SolutionProperties) = preSolution
		HideSolutionNode = FALSE
	EndGlobalSection
	GlobalSection(ExtensibilityGlobals) = postSolution
		SolutionGuid = {B7230C2E-A01D-432B-801E-96553AF355B5}
	EndGlobalSection
EndGlobal
