
Microsoft Visual Studio Solution File, Format Version 12.00
# Visual Studio Version 17
VisualStudioVersion = 17.6.33723.286
MinimumVisualStudioVersion = 10.0.40219.1
Project("{FAE04EC0-301F-11D3-BF4B-00C04F79EFBC}") = "FormRegister", "FormRegister\FormRegister.csproj", "{9E0126D1-F930-4AFE-8511-089E15B9707F}"
EndProject
Global
	GlobalSection(SolutionConfigurationPlatforms) = preSolution
		Debug|Any CPU = Debug|Any CPU
		Release|Any CPU = Release|Any CPU
	EndGlobalSection
	GlobalSection(ProjectConfigurationPlatforms) = postSolution
		{9E0126D1-F930-4AFE-8511-089E15B9707F}.Debug|Any CPU.ActiveCfg = Debug|Any CPU
		{9E0126D1-F930-4AFE-8511-089E15B9707F}.Debug|Any CPU.Build.0 = Debug|Any CPU
		{9E0126D1-F930-4AFE-8511-089E15B9707F}.Release|Any CPU.ActiveCfg = Release|Any CPU
		{9E0126D1-F930-4AFE-8511-089E15B9707F}.Release|Any CPU.Build.0 = Release|Any CPU
	EndGlobalSection
	GlobalSection(SolutionProperties) = preSolution
		HideSolutionNode = FALSE
	EndGlobalSection
	GlobalSection(ExtensibilityGlobals) = postSolution
		SolutionGuid = {1CBBED10-DE8C-4676-9F38-A36854DE92E4}
	EndGlobalSection
EndGlobal
