
Microsoft Visual Studio Solution File, Format Version 12.00
# Visual Studio Version 17
VisualStudioVersion = 17.5.33502.453
MinimumVisualStudioVersion = 10.0.40219.1
Project("{FAE04EC0-301F-11D3-BF4B-00C04F79EFBC}") = "ArithmeticOperations", "ArithmeticOperations\ArithmeticOperations.csproj", "{58BDCC6A-C1BD-4B84-9A39-BAA552789B6D}"
EndProject
Global
	GlobalSection(SolutionConfigurationPlatforms) = preSolution
		Debug|Any CPU = Debug|Any CPU
		Release|Any CPU = Release|Any CPU
	EndGlobalSection
	GlobalSection(ProjectConfigurationPlatforms) = postSolution
		{58BDCC6A-C1BD-4B84-9A39-BAA552789B6D}.Debug|Any CPU.ActiveCfg = Debug|Any CPU
		{58BDCC6A-C1BD-4B84-9A39-BAA552789B6D}.Debug|Any CPU.Build.0 = Debug|Any CPU
		{58BDCC6A-C1BD-4B84-9A39-BAA552789B6D}.Release|Any CPU.ActiveCfg = Release|Any CPU
		{58BDCC6A-C1BD-4B84-9A39-BAA552789B6D}.Release|Any CPU.Build.0 = Release|Any CPU
	EndGlobalSection
	GlobalSection(SolutionProperties) = preSolution
		HideSolutionNode = FALSE
	EndGlobalSection
	GlobalSection(ExtensibilityGlobals) = postSolution
		SolutionGuid = {5CD5EEBF-E77C-4282-A874-15D532FC1ACB}
	EndGlobalSection
EndGlobal
