
Microsoft Visual Studio Solution File, Format Version 12.00
# Visual Studio Version 17
VisualStudioVersion = 17.5.33502.453
MinimumVisualStudioVersion = 10.0.40219.1
Project("{FAE04EC0-301F-11D3-BF4B-00C04F79EFBC}") = "MethodOverloading_TypeOfDiffParam", "MethodOverloading_TypeOfDiffParam\MethodOverloading_TypeOfDiffParam.csproj", "{27E1C9E1-87BE-41DB-A44D-3F3D57BB800D}"
EndProject
Global
	GlobalSection(SolutionConfigurationPlatforms) = preSolution
		Debug|Any CPU = Debug|Any CPU
		Release|Any CPU = Release|Any CPU
	EndGlobalSection
	GlobalSection(ProjectConfigurationPlatforms) = postSolution
		{27E1C9E1-87BE-41DB-A44D-3F3D57BB800D}.Debug|Any CPU.ActiveCfg = Debug|Any CPU
		{27E1C9E1-87BE-41DB-A44D-3F3D57BB800D}.Debug|Any CPU.Build.0 = Debug|Any CPU
		{27E1C9E1-87BE-41DB-A44D-3F3D57BB800D}.Release|Any CPU.ActiveCfg = Release|Any CPU
		{27E1C9E1-87BE-41DB-A44D-3F3D57BB800D}.Release|Any CPU.Build.0 = Release|Any CPU
	EndGlobalSection
	GlobalSection(SolutionProperties) = preSolution
		HideSolutionNode = FALSE
	EndGlobalSection
	GlobalSection(ExtensibilityGlobals) = postSolution
		SolutionGuid = {137B0274-70BA-4BDA-8131-7F40ADE4ACFC}
	EndGlobalSection
EndGlobal
