
Microsoft Visual Studio Solution File, Format Version 12.00
# Visual Studio Version 17
VisualStudioVersion = 17.5.33502.453
MinimumVisualStudioVersion = 10.0.40219.1
Project("{FAE04EC0-301F-11D3-BF4B-00C04F79EFBC}") = "methodoverloadinginDiffCLASS", "methodoverloadinginDiffCLASS\methodoverloadinginDiffCLASS.csproj", "{90CEA612-33CB-4628-97EF-EB37960E15F5}"
EndProject
Global
	GlobalSection(SolutionConfigurationPlatforms) = preSolution
		Debug|Any CPU = Debug|Any CPU
		Release|Any CPU = Release|Any CPU
	EndGlobalSection
	GlobalSection(ProjectConfigurationPlatforms) = postSolution
		{90CEA612-33CB-4628-97EF-EB37960E15F5}.Debug|Any CPU.ActiveCfg = Debug|Any CPU
		{90CEA612-33CB-4628-97EF-EB37960E15F5}.Debug|Any CPU.Build.0 = Debug|Any CPU
		{90CEA612-33CB-4628-97EF-EB37960E15F5}.Release|Any CPU.ActiveCfg = Release|Any CPU
		{90CEA612-33CB-4628-97EF-EB37960E15F5}.Release|Any CPU.Build.0 = Release|Any CPU
	EndGlobalSection
	GlobalSection(SolutionProperties) = preSolution
		HideSolutionNode = FALSE
	EndGlobalSection
	GlobalSection(ExtensibilityGlobals) = postSolution
		SolutionGuid = {70DC8306-233B-4801-B910-1DCF535AB198}
	EndGlobalSection
EndGlobal
