
Microsoft Visual Studio Solution File, Format Version 12.00
# Visual Studio Version 17
VisualStudioVersion = 17.6.33723.286
MinimumVisualStudioVersion = 10.0.40219.1
Project("{FAE04EC0-301F-11D3-BF4B-00C04F79EFBC}") = "DrivenITProject", "DrivenITProject\DrivenITProject.csproj", "{A6B2530C-ADC8-4E9E-B678-A8738318B1DD}"
EndProject
Global
	GlobalSection(SolutionConfigurationPlatforms) = preSolution
		Debug|Any CPU = Debug|Any CPU
		Release|Any CPU = Release|Any CPU
	EndGlobalSection
	GlobalSection(ProjectConfigurationPlatforms) = postSolution
		{A6B2530C-ADC8-4E9E-B678-A8738318B1DD}.Debug|Any CPU.ActiveCfg = Debug|Any CPU
		{A6B2530C-ADC8-4E9E-B678-A8738318B1DD}.Debug|Any CPU.Build.0 = Debug|Any CPU
		{A6B2530C-ADC8-4E9E-B678-A8738318B1DD}.Release|Any CPU.ActiveCfg = Release|Any CPU
		{A6B2530C-ADC8-4E9E-B678-A8738318B1DD}.Release|Any CPU.Build.0 = Release|Any CPU
	EndGlobalSection
	GlobalSection(SolutionProperties) = preSolution
		HideSolutionNode = FALSE
	EndGlobalSection
	GlobalSection(ExtensibilityGlobals) = postSolution
		SolutionGuid = {A523913F-D35D-46A6-9BF0-0D01B18BBA1A}
	EndGlobalSection
EndGlobal
