
Microsoft Visual Studio Solution File, Format Version 12.00
# Visual Studio Version 17
VisualStudioVersion = 17.6.33723.286
MinimumVisualStudioVersion = 10.0.40219.1
Project("{FAE04EC0-301F-11D3-BF4B-00C04F79EFBC}") = "BalanceMVC", "BalanceMVC\BalanceMVC.csproj", "{D0BF7E02-5293-4738-B940-5EECDA705836}"
EndProject
Global
	GlobalSection(SolutionConfigurationPlatforms) = preSolution
		Debug|Any CPU = Debug|Any CPU
		Release|Any CPU = Release|Any CPU
	EndGlobalSection
	GlobalSection(ProjectConfigurationPlatforms) = postSolution
		{D0BF7E02-5293-4738-B940-5EECDA705836}.Debug|Any CPU.ActiveCfg = Debug|Any CPU
		{D0BF7E02-5293-4738-B940-5EECDA705836}.Debug|Any CPU.Build.0 = Debug|Any CPU
		{D0BF7E02-5293-4738-B940-5EECDA705836}.Release|Any CPU.ActiveCfg = Release|Any CPU
		{D0BF7E02-5293-4738-B940-5EECDA705836}.Release|Any CPU.Build.0 = Release|Any CPU
	EndGlobalSection
	GlobalSection(SolutionProperties) = preSolution
		HideSolutionNode = FALSE
	EndGlobalSection
	GlobalSection(ExtensibilityGlobals) = postSolution
		SolutionGuid = {E54B79ED-E4C2-4423-B488-4F331FBAD592}
	EndGlobalSection
EndGlobal
