
Microsoft Visual Studio Solution File, Format Version 12.00
# Visual Studio Version 17
VisualStudioVersion = 17.5.33502.453
MinimumVisualStudioVersion = 10.0.40219.1
Project("{FAE04EC0-301F-11D3-BF4B-00C04F79EFBC}") = "Prime_recurse", "Prime_recurse\Prime_recurse.csproj", "{4DC95B20-FCB2-4782-9F40-2A4BD381D9DE}"
EndProject
Global
	GlobalSection(SolutionConfigurationPlatforms) = preSolution
		Debug|Any CPU = Debug|Any CPU
		Release|Any CPU = Release|Any CPU
	EndGlobalSection
	GlobalSection(ProjectConfigurationPlatforms) = postSolution
		{4DC95B20-FCB2-4782-9F40-2A4BD381D9DE}.Debug|Any CPU.ActiveCfg = Debug|Any CPU
		{4DC95B20-FCB2-4782-9F40-2A4BD381D9DE}.Debug|Any CPU.Build.0 = Debug|Any CPU
		{4DC95B20-FCB2-4782-9F40-2A4BD381D9DE}.Release|Any CPU.ActiveCfg = Release|Any CPU
		{4DC95B20-FCB2-4782-9F40-2A4BD381D9DE}.Release|Any CPU.Build.0 = Release|Any CPU
	EndGlobalSection
	GlobalSection(SolutionProperties) = preSolution
		HideSolutionNode = FALSE
	EndGlobalSection
	GlobalSection(ExtensibilityGlobals) = postSolution
		SolutionGuid = {0F13F6FF-0B76-4BFA-89A4-1C08DDDEB79B}
	EndGlobalSection
EndGlobal
