
Microsoft Visual Studio Solution File, Format Version 12.00
# Visual Studio Version 17
VisualStudioVersion = 17.5.33502.453
MinimumVisualStudioVersion = 10.0.40219.1
Project("{FAE04EC0-301F-11D3-BF4B-00C04F79EFBC}") = "Run_time_Polymorphism", "Run_time_Polymorphism\Run_time_Polymorphism.csproj", "{57E7EAFB-1CE0-41C6-99FF-CEC69287A839}"
EndProject
Global
	GlobalSection(SolutionConfigurationPlatforms) = preSolution
		Debug|Any CPU = Debug|Any CPU
		Release|Any CPU = Release|Any CPU
	EndGlobalSection
	GlobalSection(ProjectConfigurationPlatforms) = postSolution
		{57E7EAFB-1CE0-41C6-99FF-CEC69287A839}.Debug|Any CPU.ActiveCfg = Debug|Any CPU
		{57E7EAFB-1CE0-41C6-99FF-CEC69287A839}.Debug|Any CPU.Build.0 = Debug|Any CPU
		{57E7EAFB-1CE0-41C6-99FF-CEC69287A839}.Release|Any CPU.ActiveCfg = Release|Any CPU
		{57E7EAFB-1CE0-41C6-99FF-CEC69287A839}.Release|Any CPU.Build.0 = Release|Any CPU
	EndGlobalSection
	GlobalSection(SolutionProperties) = preSolution
		HideSolutionNode = FALSE
	EndGlobalSection
	GlobalSection(ExtensibilityGlobals) = postSolution
		SolutionGuid = {8BB20873-E1EB-4AE7-BF68-B4228976B84B}
	EndGlobalSection
EndGlobal
