
Microsoft Visual Studio Solution File, Format Version 12.00
# Visual Studio Version 17
VisualStudioVersion = 17.5.33502.453
MinimumVisualStudioVersion = 10.0.40219.1
Project("{FAE04EC0-301F-11D3-BF4B-00C04F79EFBC}") = "IntegerPrime", "IntegerPrime\IntegerPrime.csproj", "{5A525F16-F534-4ED0-A2CE-ECAB36121E4C}"
EndProject
Global
	GlobalSection(SolutionConfigurationPlatforms) = preSolution
		Debug|Any CPU = Debug|Any CPU
		Release|Any CPU = Release|Any CPU
	EndGlobalSection
	GlobalSection(ProjectConfigurationPlatforms) = postSolution
		{5A525F16-F534-4ED0-A2CE-ECAB36121E4C}.Debug|Any CPU.ActiveCfg = Debug|Any CPU
		{5A525F16-F534-4ED0-A2CE-ECAB36121E4C}.Debug|Any CPU.Build.0 = Debug|Any CPU
		{5A525F16-F534-4ED0-A2CE-ECAB36121E4C}.Release|Any CPU.ActiveCfg = Release|Any CPU
		{5A525F16-F534-4ED0-A2CE-ECAB36121E4C}.Release|Any CPU.Build.0 = Release|Any CPU
	EndGlobalSection
	GlobalSection(SolutionProperties) = preSolution
		HideSolutionNode = FALSE
	EndGlobalSection
	GlobalSection(ExtensibilityGlobals) = postSolution
		SolutionGuid = {ACD131DA-6B63-4CFC-8D10-CFFB2AC22E35}
	EndGlobalSection
EndGlobal
