
Microsoft Visual Studio Solution File, Format Version 12.00
# Visual Studio Version 17
VisualStudioVersion = 17.5.33502.453
MinimumVisualStudioVersion = 10.0.40219.1
Project("{FAE04EC0-301F-11D3-BF4B-00C04F79EFBC}") = "ListinC#", "ListinC#\ListinC#.csproj", "{915E20C7-D684-4A3C-A23C-FB6157E5493B}"
EndProject
Global
	GlobalSection(SolutionConfigurationPlatforms) = preSolution
		Debug|Any CPU = Debug|Any CPU
		Release|Any CPU = Release|Any CPU
	EndGlobalSection
	GlobalSection(ProjectConfigurationPlatforms) = postSolution
		{915E20C7-D684-4A3C-A23C-FB6157E5493B}.Debug|Any CPU.ActiveCfg = Debug|Any CPU
		{915E20C7-D684-4A3C-A23C-FB6157E5493B}.Debug|Any CPU.Build.0 = Debug|Any CPU
		{915E20C7-D684-4A3C-A23C-FB6157E5493B}.Release|Any CPU.ActiveCfg = Release|Any CPU
		{915E20C7-D684-4A3C-A23C-FB6157E5493B}.Release|Any CPU.Build.0 = Release|Any CPU
	EndGlobalSection
	GlobalSection(SolutionProperties) = preSolution
		HideSolutionNode = FALSE
	EndGlobalSection
	GlobalSection(ExtensibilityGlobals) = postSolution
		SolutionGuid = {842D17C6-0F09-44DF-9816-54B03F0557C0}
	EndGlobalSection
EndGlobal
