
Microsoft Visual Studio Solution File, Format Version 12.00
# Visual Studio Version 17
VisualStudioVersion = 17.5.33502.453
MinimumVisualStudioVersion = 10.0.40219.1
Project("{FAE04EC0-301F-11D3-BF4B-00C04F79EFBC}") = "rankLength_2d", "rankLength_2d\rankLength_2d.csproj", "{DA73A075-8595-487E-9A82-7C559444BA06}"
EndProject
Global
	GlobalSection(SolutionConfigurationPlatforms) = preSolution
		Debug|Any CPU = Debug|Any CPU
		Release|Any CPU = Release|Any CPU
	EndGlobalSection
	GlobalSection(ProjectConfigurationPlatforms) = postSolution
		{DA73A075-8595-487E-9A82-7C559444BA06}.Debug|Any CPU.ActiveCfg = Debug|Any CPU
		{DA73A075-8595-487E-9A82-7C559444BA06}.Debug|Any CPU.Build.0 = Debug|Any CPU
		{DA73A075-8595-487E-9A82-7C559444BA06}.Release|Any CPU.ActiveCfg = Release|Any CPU
		{DA73A075-8595-487E-9A82-7C559444BA06}.Release|Any CPU.Build.0 = Release|Any CPU
	EndGlobalSection
	GlobalSection(SolutionProperties) = preSolution
		HideSolutionNode = FALSE
	EndGlobalSection
	GlobalSection(ExtensibilityGlobals) = postSolution
		SolutionGuid = {3569642E-1526-40E9-907B-687D0C6C1EC2}
	EndGlobalSection
EndGlobal
