
Microsoft Visual Studio Solution File, Format Version 12.00
# Visual Studio Version 17
VisualStudioVersion = 17.5.33502.453
MinimumVisualStudioVersion = 10.0.40219.1
Project("{FAE04EC0-301F-11D3-BF4B-00C04F79EFBC}") = "outAdd", "outAdd\outAdd.csproj", "{92BAF58C-8814-4292-9D68-1B8566B71ADD}"
EndProject
Global
	GlobalSection(SolutionConfigurationPlatforms) = preSolution
		Debug|Any CPU = Debug|Any CPU
		Release|Any CPU = Release|Any CPU
	EndGlobalSection
	GlobalSection(ProjectConfigurationPlatforms) = postSolution
		{92BAF58C-8814-4292-9D68-1B8566B71ADD}.Debug|Any CPU.ActiveCfg = Debug|Any CPU
		{92BAF58C-8814-4292-9D68-1B8566B71ADD}.Debug|Any CPU.Build.0 = Debug|Any CPU
		{92BAF58C-8814-4292-9D68-1B8566B71ADD}.Release|Any CPU.ActiveCfg = Release|Any CPU
		{92BAF58C-8814-4292-9D68-1B8566B71ADD}.Release|Any CPU.Build.0 = Release|Any CPU
	EndGlobalSection
	GlobalSection(SolutionProperties) = preSolution
		HideSolutionNode = FALSE
	EndGlobalSection
	GlobalSection(ExtensibilityGlobals) = postSolution
		SolutionGuid = {7B05095C-0CD6-47D1-A3ED-A2132E49E105}
	EndGlobalSection
EndGlobal
