
Microsoft Visual Studio Solution File, Format Version 12.00
# Visual Studio Version 17
VisualStudioVersion = 17.6.33723.286
MinimumVisualStudioVersion = 10.0.40219.1
Project("{FAE04EC0-301F-11D3-BF4B-00C04F79EFBC}") = "bankLibrary", "bankLibrary\bankLibrary.csproj", "{FC2F10C5-CA77-4EC6-896B-2E8231AD8625}"
EndProject
Global
	GlobalSection(SolutionConfigurationPlatforms) = preSolution
		Debug|Any CPU = Debug|Any CPU
		Release|Any CPU = Release|Any CPU
	EndGlobalSection
	GlobalSection(ProjectConfigurationPlatforms) = postSolution
		{FC2F10C5-CA77-4EC6-896B-2E8231AD8625}.Debug|Any CPU.ActiveCfg = Debug|Any CPU
		{FC2F10C5-CA77-4EC6-896B-2E8231AD8625}.Debug|Any CPU.Build.0 = Debug|Any CPU
		{FC2F10C5-CA77-4EC6-896B-2E8231AD8625}.Release|Any CPU.ActiveCfg = Release|Any CPU
		{FC2F10C5-CA77-4EC6-896B-2E8231AD8625}.Release|Any CPU.Build.0 = Release|Any CPU
	EndGlobalSection
	GlobalSection(SolutionProperties) = preSolution
		HideSolutionNode = FALSE
	EndGlobalSection
	GlobalSection(ExtensibilityGlobals) = postSolution
		SolutionGuid = {404EADF4-33BD-4668-9E58-BF151618AD41}
	EndGlobalSection
EndGlobal
